// !$*UTF8*$!
{
	archiveVersion = 1;
	classes = {
	};
	objectVersion = 56;
	objects = {

/* Begin PBXBuildFile section */
		9B4581222BD52EB7002A32DC /* AppDelegate.swift in Sources */ = {isa = PBXBuildFile; fileRef = 9B4581212BD52EB7002A32DC /* AppDelegate.swift */; };
		9B4581242BD52EB7002A32DC /* SceneDelegate.swift in Sources */ = {isa = PBXBuildFile; fileRef = 9B4581232BD52EB7002A32DC /* SceneDelegate.swift */; };
		9B45812C2BD52EB7002A32DC /* RefactorMoti.xcdatamodeld in Sources */ = {isa = PBXBuildFile; fileRef = 9B45812A2BD52EB7002A32DC /* RefactorMoti.xcdatamodeld */; };
		9B45812E2BD52EB9002A32DC /* Assets.xcassets in Resources */ = {isa = PBXBuildFile; fileRef = 9B45812D2BD52EB9002A32DC /* Assets.xcassets */; };
		9B4581312BD52EB9002A32DC /* LaunchScreen.storyboard in Resources */ = {isa = PBXBuildFile; fileRef = 9B45812F2BD52EB9002A32DC /* LaunchScreen.storyboard */; };
		9B4581552BD52F0D002A32DC /* .swiftlint.yml in Resources */ = {isa = PBXBuildFile; fileRef = 9B4581542BD52F0D002A32DC /* .swiftlint.yml */; };
		9B4581582BD7DF17002A32DC /* LaunchViewModelTests.swift in Sources */ = {isa = PBXBuildFile; fileRef = 9B4581572BD7DF17002A32DC /* LaunchViewModelTests.swift */; };
		9B45815C2BD7E3C6002A32DC /* LaunchRepositoryTests.swift in Sources */ = {isa = PBXBuildFile; fileRef = 9B45815B2BD7E3C6002A32DC /* LaunchRepositoryTests.swift */; };
		9B45816A2BD7EAE7002A32DC /* VersionRepositoryProtocol.swift in Sources */ = {isa = PBXBuildFile; fileRef = 9B4581692BD7EAE7002A32DC /* VersionRepositoryProtocol.swift */; };
		9B45816C2BD7EAED002A32DC /* VersionRepository.swift in Sources */ = {isa = PBXBuildFile; fileRef = 9B45816B2BD7EAED002A32DC /* VersionRepository.swift */; };
		9B4581702BD7EB37002A32DC /* FirebaseStorage.swift in Sources */ = {isa = PBXBuildFile; fileRef = 9B45816F2BD7EB37002A32DC /* FirebaseStorage.swift */; };
		9B4581742BD7EC40002A32DC /* FirebaseDatabase in Frameworks */ = {isa = PBXBuildFile; productRef = 9B4581732BD7EC40002A32DC /* FirebaseDatabase */; };
		9B4581762BD7EE85002A32DC /* GoogleService-Info.plist in Resources */ = {isa = PBXBuildFile; fileRef = 9B4581752BD7EE85002A32DC /* GoogleService-Info.plist */; };
		9B4581782BD7EF2F002A32DC /* Version.swift in Sources */ = {isa = PBXBuildFile; fileRef = 9B4581772BD7EF2F002A32DC /* Version.swift */; };
		9B45817D2BD7F231002A32DC /* LaunchNetworkTests.swift in Sources */ = {isa = PBXBuildFile; fileRef = 9B45817C2BD7F231002A32DC /* LaunchNetworkTests.swift */; };
		9B4581802BD92FED002A32DC /* FetchVersionUseCase.swift in Sources */ = {isa = PBXBuildFile; fileRef = 9B45817F2BD92FED002A32DC /* FetchVersionUseCase.swift */; };
		9B4581832BD9341A002A32DC /* FirebaseStorageProtocol.swift in Sources */ = {isa = PBXBuildFile; fileRef = 9B4581822BD9341A002A32DC /* FirebaseStorageProtocol.swift */; };
		9B4581862BD93451002A32DC /* FirebaseStorageStub.swift in Sources */ = {isa = PBXBuildFile; fileRef = 9B4581852BD93451002A32DC /* FirebaseStorageStub.swift */; };
		9B45818C2BD936DB002A32DC /* LaunchViewModel.swift in Sources */ = {isa = PBXBuildFile; fileRef = 9B45818B2BD936DB002A32DC /* LaunchViewModel.swift */; };
		9B45818E2BD93A02002A32DC /* FetchVersionUseCaseStub.swift in Sources */ = {isa = PBXBuildFile; fileRef = 9B45818D2BD93A02002A32DC /* FetchVersionUseCaseStub.swift */; };
		9B4581902BD93D3F002A32DC /* LaunchViewModelProtocol.swift in Sources */ = {isa = PBXBuildFile; fileRef = 9B45818F2BD93D3F002A32DC /* LaunchViewModelProtocol.swift */; };
/* End PBXBuildFile section */

/* Begin PBXContainerItemProxy section */
		9B4581382BD52EB9002A32DC /* PBXContainerItemProxy */ = {
			isa = PBXContainerItemProxy;
			containerPortal = 9B4581162BD52EB7002A32DC /* Project object */;
			proxyType = 1;
			remoteGlobalIDString = 9B45811D2BD52EB7002A32DC;
			remoteInfo = RefactorMoti;
		};
		9B4581422BD52EB9002A32DC /* PBXContainerItemProxy */ = {
			isa = PBXContainerItemProxy;
			containerPortal = 9B4581162BD52EB7002A32DC /* Project object */;
			proxyType = 1;
			remoteGlobalIDString = 9B45811D2BD52EB7002A32DC;
			remoteInfo = RefactorMoti;
		};
/* End PBXContainerItemProxy section */

/* Begin PBXFileReference section */
		9B45811E2BD52EB7002A32DC /* RefactorMoti.app */ = {isa = PBXFileReference; explicitFileType = wrapper.application; includeInIndex = 0; path = RefactorMoti.app; sourceTree = BUILT_PRODUCTS_DIR; };
		9B4581212BD52EB7002A32DC /* AppDelegate.swift */ = {isa = PBXFileReference; lastKnownFileType = sourcecode.swift; path = AppDelegate.swift; sourceTree = "<group>"; };
		9B4581232BD52EB7002A32DC /* SceneDelegate.swift */ = {isa = PBXFileReference; lastKnownFileType = sourcecode.swift; path = SceneDelegate.swift; sourceTree = "<group>"; };
		9B45812B2BD52EB7002A32DC /* RefactorMoti.xcdatamodel */ = {isa = PBXFileReference; lastKnownFileType = wrapper.xcdatamodel; path = RefactorMoti.xcdatamodel; sourceTree = "<group>"; };
		9B45812D2BD52EB9002A32DC /* Assets.xcassets */ = {isa = PBXFileReference; lastKnownFileType = folder.assetcatalog; path = Assets.xcassets; sourceTree = "<group>"; };
		9B4581302BD52EB9002A32DC /* Base */ = {isa = PBXFileReference; lastKnownFileType = file.storyboard; name = Base; path = Base.lproj/LaunchScreen.storyboard; sourceTree = "<group>"; };
		9B4581322BD52EB9002A32DC /* Info.plist */ = {isa = PBXFileReference; lastKnownFileType = text.plist.xml; path = Info.plist; sourceTree = "<group>"; };
		9B4581372BD52EB9002A32DC /* RefactorMotiTests.xctest */ = {isa = PBXFileReference; explicitFileType = wrapper.cfbundle; includeInIndex = 0; path = RefactorMotiTests.xctest; sourceTree = BUILT_PRODUCTS_DIR; };
		9B4581412BD52EB9002A32DC /* RefactorMotiUITests.xctest */ = {isa = PBXFileReference; explicitFileType = wrapper.cfbundle; includeInIndex = 0; path = RefactorMotiUITests.xctest; sourceTree = BUILT_PRODUCTS_DIR; };
		9B4581542BD52F0D002A32DC /* .swiftlint.yml */ = {isa = PBXFileReference; lastKnownFileType = text.yaml; path = .swiftlint.yml; sourceTree = "<group>"; };
		9B4581572BD7DF17002A32DC /* LaunchViewModelTests.swift */ = {isa = PBXFileReference; lastKnownFileType = sourcecode.swift; path = LaunchViewModelTests.swift; sourceTree = "<group>"; };
		9B45815B2BD7E3C6002A32DC /* LaunchRepositoryTests.swift */ = {isa = PBXFileReference; lastKnownFileType = sourcecode.swift; path = LaunchRepositoryTests.swift; sourceTree = "<group>"; };
		9B4581692BD7EAE7002A32DC /* VersionRepositoryProtocol.swift */ = {isa = PBXFileReference; lastKnownFileType = sourcecode.swift; path = VersionRepositoryProtocol.swift; sourceTree = "<group>"; };
		9B45816B2BD7EAED002A32DC /* VersionRepository.swift */ = {isa = PBXFileReference; lastKnownFileType = sourcecode.swift; path = VersionRepository.swift; sourceTree = "<group>"; };
		9B45816F2BD7EB37002A32DC /* FirebaseStorage.swift */ = {isa = PBXFileReference; lastKnownFileType = sourcecode.swift; path = FirebaseStorage.swift; sourceTree = "<group>"; };
		9B4581752BD7EE85002A32DC /* GoogleService-Info.plist */ = {isa = PBXFileReference; fileEncoding = 4; lastKnownFileType = text.plist.xml; path = "GoogleService-Info.plist"; sourceTree = "<group>"; };
		9B4581772BD7EF2F002A32DC /* Version.swift */ = {isa = PBXFileReference; lastKnownFileType = sourcecode.swift; path = Version.swift; sourceTree = "<group>"; };
		9B45817C2BD7F231002A32DC /* LaunchNetworkTests.swift */ = {isa = PBXFileReference; lastKnownFileType = sourcecode.swift; path = LaunchNetworkTests.swift; sourceTree = "<group>"; };
		9B45817F2BD92FED002A32DC /* FetchVersionUseCase.swift */ = {isa = PBXFileReference; lastKnownFileType = sourcecode.swift; path = FetchVersionUseCase.swift; sourceTree = "<group>"; };
		9B4581822BD9341A002A32DC /* FirebaseStorageProtocol.swift */ = {isa = PBXFileReference; lastKnownFileType = sourcecode.swift; path = FirebaseStorageProtocol.swift; sourceTree = "<group>"; };
		9B4581852BD93451002A32DC /* FirebaseStorageStub.swift */ = {isa = PBXFileReference; lastKnownFileType = sourcecode.swift; path = FirebaseStorageStub.swift; sourceTree = "<group>"; };
		9B45818B2BD936DB002A32DC /* LaunchViewModel.swift */ = {isa = PBXFileReference; lastKnownFileType = sourcecode.swift; path = LaunchViewModel.swift; sourceTree = "<group>"; };
		9B45818D2BD93A02002A32DC /* FetchVersionUseCaseStub.swift */ = {isa = PBXFileReference; lastKnownFileType = sourcecode.swift; path = FetchVersionUseCaseStub.swift; sourceTree = "<group>"; };
		9B45818F2BD93D3F002A32DC /* LaunchViewModelProtocol.swift */ = {isa = PBXFileReference; lastKnownFileType = sourcecode.swift; path = LaunchViewModelProtocol.swift; sourceTree = "<group>"; };
/* End PBXFileReference section */

/* Begin PBXFrameworksBuildPhase section */
		9B45811B2BD52EB7002A32DC /* Frameworks */ = {
			isa = PBXFrameworksBuildPhase;
			buildActionMask = 2147483647;
			files = (
				9B4581742BD7EC40002A32DC /* FirebaseDatabase in Frameworks */,
			);
			runOnlyForDeploymentPostprocessing = 0;
		};
		9B4581342BD52EB9002A32DC /* Frameworks */ = {
			isa = PBXFrameworksBuildPhase;
			buildActionMask = 2147483647;
			files = (
			);
			runOnlyForDeploymentPostprocessing = 0;
		};
		9B45813E2BD52EB9002A32DC /* Frameworks */ = {
			isa = PBXFrameworksBuildPhase;
			buildActionMask = 2147483647;
			files = (
			);
			runOnlyForDeploymentPostprocessing = 0;
		};
/* End PBXFrameworksBuildPhase section */

/* Begin PBXGroup section */
		9B4581152BD52EB7002A32DC = {
			isa = PBXGroup;
			children = (
				9B4581542BD52F0D002A32DC /* .swiftlint.yml */,
				9B4581202BD52EB7002A32DC /* RefactorMoti */,
				9B45813A2BD52EB9002A32DC /* RefactorMotiTests */,
				9B45811F2BD52EB7002A32DC /* Products */,
			);
			sourceTree = "<group>";
		};
		9B45811F2BD52EB7002A32DC /* Products */ = {
			isa = PBXGroup;
			children = (
				9B45811E2BD52EB7002A32DC /* RefactorMoti.app */,
				9B4581372BD52EB9002A32DC /* RefactorMotiTests.xctest */,
				9B4581412BD52EB9002A32DC /* RefactorMotiUITests.xctest */,
			);
			name = Products;
			sourceTree = "<group>";
		};
		9B4581202BD52EB7002A32DC /* RefactorMoti */ = {
			isa = PBXGroup;
			children = (
				9B4581602BD7EA34002A32DC /* Application */,
				9B45815F2BD7EA26002A32DC /* Presentation */,
				9B45815D2BD7EA1E002A32DC /* Domain */,
				9B45815E2BD7EA23002A32DC /* Data */,
				9B4581612BD7EA3C002A32DC /* Resource */,
			);
			path = RefactorMoti;
			sourceTree = "<group>";
		};
		9B45813A2BD52EB9002A32DC /* RefactorMotiTests */ = {
			isa = PBXGroup;
			children = (
				9B4581592BD7E3A9002A32DC /* Launch */,
			);
			path = RefactorMotiTests;
			sourceTree = "<group>";
		};
		9B4581592BD7E3A9002A32DC /* Launch */ = {
			isa = PBXGroup;
			children = (
				9B4581842BD9344A002A32DC /* Stub */,
				9B4581572BD7DF17002A32DC /* LaunchViewModelTests.swift */,
				9B45815B2BD7E3C6002A32DC /* LaunchRepositoryTests.swift */,
				9B45817C2BD7F231002A32DC /* LaunchNetworkTests.swift */,
			);
			path = Launch;
			sourceTree = "<group>";
		};
		9B45815D2BD7EA1E002A32DC /* Domain */ = {
			isa = PBXGroup;
			children = (
				9B4581792BD7EF36002A32DC /* Entity */,
				9B45817E2BD92FD9002A32DC /* UseCase */,
				9B4581632BD7EAB0002A32DC /* RepositoryProtocol */,
				9B4581812BD9340D002A32DC /* StorageProtocol */,
			);
			path = Domain;
			sourceTree = "<group>";
		};
		9B45815E2BD7EA23002A32DC /* Data */ = {
			isa = PBXGroup;
			children = (
				9B4581622BD7EA6C002A32DC /* CoreData */,
				9B45816D2BD7EAF2002A32DC /* Firebase */,
				9B4581672BD7EAC6002A32DC /* Repository */,
			);
			path = Data;
			sourceTree = "<group>";
		};
		9B45815F2BD7EA26002A32DC /* Presentation */ = {
			isa = PBXGroup;
			children = (
				9B4581872BD936BE002A32DC /* Launch */,
			);
			path = Presentation;
			sourceTree = "<group>";
		};
		9B4581602BD7EA34002A32DC /* Application */ = {
			isa = PBXGroup;
			children = (
				9B45812F2BD52EB9002A32DC /* LaunchScreen.storyboard */,
				9B4581212BD52EB7002A32DC /* AppDelegate.swift */,
				9B4581232BD52EB7002A32DC /* SceneDelegate.swift */,
			);
			path = Application;
			sourceTree = "<group>";
		};
		9B4581612BD7EA3C002A32DC /* Resource */ = {
			isa = PBXGroup;
			children = (
				9B45812D2BD52EB9002A32DC /* Assets.xcassets */,
				9B4581322BD52EB9002A32DC /* Info.plist */,
				9B4581752BD7EE85002A32DC /* GoogleService-Info.plist */,
			);
			path = Resource;
			sourceTree = "<group>";
		};
		9B4581622BD7EA6C002A32DC /* CoreData */ = {
			isa = PBXGroup;
			children = (
				9B45812A2BD52EB7002A32DC /* RefactorMoti.xcdatamodeld */,
			);
			path = CoreData;
			sourceTree = "<group>";
		};
		9B4581632BD7EAB0002A32DC /* RepositoryProtocol */ = {
			isa = PBXGroup;
			children = (
				9B4581692BD7EAE7002A32DC /* VersionRepositoryProtocol.swift */,
			);
			path = RepositoryProtocol;
			sourceTree = "<group>";
		};
		9B4581672BD7EAC6002A32DC /* Repository */ = {
			isa = PBXGroup;
			children = (
				9B45816B2BD7EAED002A32DC /* VersionRepository.swift */,
			);
			path = Repository;
			sourceTree = "<group>";
		};
		9B45816D2BD7EAF2002A32DC /* Firebase */ = {
			isa = PBXGroup;
			children = (
				9B45816F2BD7EB37002A32DC /* FirebaseStorage.swift */,
			);
			path = Firebase;
			sourceTree = "<group>";
		};
		9B4581792BD7EF36002A32DC /* Entity */ = {
			isa = PBXGroup;
			children = (
				9B4581772BD7EF2F002A32DC /* Version.swift */,
			);
			path = Entity;
			sourceTree = "<group>";
		};
		9B45817E2BD92FD9002A32DC /* UseCase */ = {
			isa = PBXGroup;
			children = (
				9B45817F2BD92FED002A32DC /* FetchVersionUseCase.swift */,
			);
			path = UseCase;
			sourceTree = "<group>";
		};
		9B4581812BD9340D002A32DC /* StorageProtocol */ = {
			isa = PBXGroup;
			children = (
				9B4581822BD9341A002A32DC /* FirebaseStorageProtocol.swift */,
			);
			path = StorageProtocol;
			sourceTree = "<group>";
		};
		9B4581842BD9344A002A32DC /* Stub */ = {
			isa = PBXGroup;
			children = (
				9B4581852BD93451002A32DC /* FirebaseStorageStub.swift */,
				9B45818D2BD93A02002A32DC /* FetchVersionUseCaseStub.swift */,
			);
			path = Stub;
			sourceTree = "<group>";
		};
		9B4581872BD936BE002A32DC /* Launch */ = {
			isa = PBXGroup;
			children = (
				9B45818B2BD936DB002A32DC /* LaunchViewModel.swift */,
				9B45818F2BD93D3F002A32DC /* LaunchViewModelProtocol.swift */,
			);
			path = Launch;
			sourceTree = "<group>";
		};
/* End PBXGroup section */

/* Begin PBXNativeTarget section */
		9B45811D2BD52EB7002A32DC /* RefactorMoti */ = {
			isa = PBXNativeTarget;
			buildConfigurationList = 9B45814B2BD52EB9002A32DC /* Build configuration list for PBXNativeTarget "RefactorMoti" */;
			buildPhases = (
				9B45811A2BD52EB7002A32DC /* Sources */,
				9B45811B2BD52EB7002A32DC /* Frameworks */,
				9B45811C2BD52EB7002A32DC /* Resources */,
				9B4581562BD52F44002A32DC /* Run SwiftLint */,
			);
			buildRules = (
			);
			dependencies = (
			);
			name = RefactorMoti;
			packageProductDependencies = (
				9B4581732BD7EC40002A32DC /* FirebaseDatabase */,
			);
			productName = RefactorMoti;
			productReference = 9B45811E2BD52EB7002A32DC /* RefactorMoti.app */;
			productType = "com.apple.product-type.application";
		};
		9B4581362BD52EB9002A32DC /* RefactorMotiTests */ = {
			isa = PBXNativeTarget;
			buildConfigurationList = 9B45814E2BD52EB9002A32DC /* Build configuration list for PBXNativeTarget "RefactorMotiTests" */;
			buildPhases = (
				9B4581332BD52EB9002A32DC /* Sources */,
				9B4581342BD52EB9002A32DC /* Frameworks */,
				9B4581352BD52EB9002A32DC /* Resources */,
			);
			buildRules = (
			);
			dependencies = (
				9B4581392BD52EB9002A32DC /* PBXTargetDependency */,
			);
			name = RefactorMotiTests;
			productName = RefactorMotiTests;
			productReference = 9B4581372BD52EB9002A32DC /* RefactorMotiTests.xctest */;
			productType = "com.apple.product-type.bundle.unit-test";
		};
		9B4581402BD52EB9002A32DC /* RefactorMotiUITests */ = {
			isa = PBXNativeTarget;
			buildConfigurationList = 9B4581512BD52EB9002A32DC /* Build configuration list for PBXNativeTarget "RefactorMotiUITests" */;
			buildPhases = (
				9B45813D2BD52EB9002A32DC /* Sources */,
				9B45813E2BD52EB9002A32DC /* Frameworks */,
				9B45813F2BD52EB9002A32DC /* Resources */,
			);
			buildRules = (
			);
			dependencies = (
				9B4581432BD52EB9002A32DC /* PBXTargetDependency */,
			);
			name = RefactorMotiUITests;
			productName = RefactorMotiUITests;
			productReference = 9B4581412BD52EB9002A32DC /* RefactorMotiUITests.xctest */;
			productType = "com.apple.product-type.bundle.ui-testing";
		};
/* End PBXNativeTarget section */

/* Begin PBXProject section */
		9B4581162BD52EB7002A32DC /* Project object */ = {
			isa = PBXProject;
			attributes = {
				BuildIndependentTargetsInParallel = 1;
				LastSwiftUpdateCheck = 1500;
				LastUpgradeCheck = 1500;
				TargetAttributes = {
					9B45811D2BD52EB7002A32DC = {
						CreatedOnToolsVersion = 15.0;
					};
					9B4581362BD52EB9002A32DC = {
						CreatedOnToolsVersion = 15.0;
						LastSwiftMigration = 1500;
						TestTargetID = 9B45811D2BD52EB7002A32DC;
					};
					9B4581402BD52EB9002A32DC = {
						CreatedOnToolsVersion = 15.0;
						TestTargetID = 9B45811D2BD52EB7002A32DC;
					};
				};
			};
			buildConfigurationList = 9B4581192BD52EB7002A32DC /* Build configuration list for PBXProject "RefactorMoti" */;
			compatibilityVersion = "Xcode 14.0";
			developmentRegion = en;
			hasScannedForEncodings = 0;
			knownRegions = (
				en,
				Base,
			);
			mainGroup = 9B4581152BD52EB7002A32DC;
			packageReferences = (
				9B4581722BD7EC40002A32DC /* XCRemoteSwiftPackageReference "firebase-ios-sdk" */,
			);
			productRefGroup = 9B45811F2BD52EB7002A32DC /* Products */;
			projectDirPath = "";
			projectRoot = "";
			targets = (
				9B45811D2BD52EB7002A32DC /* RefactorMoti */,
				9B4581362BD52EB9002A32DC /* RefactorMotiTests */,
				9B4581402BD52EB9002A32DC /* RefactorMotiUITests */,
			);
		};
/* End PBXProject section */

/* Begin PBXResourcesBuildPhase section */
		9B45811C2BD52EB7002A32DC /* Resources */ = {
			isa = PBXResourcesBuildPhase;
			buildActionMask = 2147483647;
			files = (
				9B4581552BD52F0D002A32DC /* .swiftlint.yml in Resources */,
				9B4581762BD7EE85002A32DC /* GoogleService-Info.plist in Resources */,
				9B4581312BD52EB9002A32DC /* LaunchScreen.storyboard in Resources */,
				9B45812E2BD52EB9002A32DC /* Assets.xcassets in Resources */,
			);
			runOnlyForDeploymentPostprocessing = 0;
		};
		9B4581352BD52EB9002A32DC /* Resources */ = {
			isa = PBXResourcesBuildPhase;
			buildActionMask = 2147483647;
			files = (
			);
			runOnlyForDeploymentPostprocessing = 0;
		};
		9B45813F2BD52EB9002A32DC /* Resources */ = {
			isa = PBXResourcesBuildPhase;
			buildActionMask = 2147483647;
			files = (
			);
			runOnlyForDeploymentPostprocessing = 0;
		};
/* End PBXResourcesBuildPhase section */

/* Begin PBXShellScriptBuildPhase section */
		9B4581562BD52F44002A32DC /* Run SwiftLint */ = {
			isa = PBXShellScriptBuildPhase;
			alwaysOutOfDate = 1;
			buildActionMask = 2147483647;
			files = (
			);
			inputFileListPaths = (
			);
			inputPaths = (
			);
			name = "Run SwiftLint";
			outputFileListPaths = (
			);
			outputPaths = (
			);
			runOnlyForDeploymentPostprocessing = 0;
			shellPath = /bin/sh;
			shellScript = "export PATH=\"$PATH:/opt/homebrew/bin\"\nif which swiftlint > /dev/null; then\n  swiftlint\nelse\n  echo \"warning: SwiftLint not installed, download from https://github.com/realm/SwiftLint\"\nfi\n";
		};
/* End PBXShellScriptBuildPhase section */

/* Begin PBXSourcesBuildPhase section */
		9B45811A2BD52EB7002A32DC /* Sources */ = {
			isa = PBXSourcesBuildPhase;
			buildActionMask = 2147483647;
			files = (
				9B45816C2BD7EAED002A32DC /* VersionRepository.swift in Sources */,
				9B45812C2BD52EB7002A32DC /* RefactorMoti.xcdatamodeld in Sources */,
				9B4581222BD52EB7002A32DC /* AppDelegate.swift in Sources */,
				9B4581832BD9341A002A32DC /* FirebaseStorageProtocol.swift in Sources */,
				9B4581702BD7EB37002A32DC /* FirebaseStorage.swift in Sources */,
				9B45816A2BD7EAE7002A32DC /* VersionRepositoryProtocol.swift in Sources */,
				9B45818C2BD936DB002A32DC /* LaunchViewModel.swift in Sources */,
				9B4581902BD93D3F002A32DC /* LaunchViewModelProtocol.swift in Sources */,
				9B4581802BD92FED002A32DC /* FetchVersionUseCase.swift in Sources */,
				9B4581782BD7EF2F002A32DC /* Version.swift in Sources */,
				9B4581242BD52EB7002A32DC /* SceneDelegate.swift in Sources */,
			);
			runOnlyForDeploymentPostprocessing = 0;
		};
		9B4581332BD52EB9002A32DC /* Sources */ = {
			isa = PBXSourcesBuildPhase;
			buildActionMask = 2147483647;
			files = (
				9B4581862BD93451002A32DC /* FirebaseStorageStub.swift in Sources */,
				9B45817D2BD7F231002A32DC /* LaunchNetworkTests.swift in Sources */,
				9B45818E2BD93A02002A32DC /* FetchVersionUseCaseStub.swift in Sources */,
				9B45815C2BD7E3C6002A32DC /* LaunchRepositoryTests.swift in Sources */,
				9B4581582BD7DF17002A32DC /* LaunchViewModelTests.swift in Sources */,
			);
			runOnlyForDeploymentPostprocessing = 0;
		};
		9B45813D2BD52EB9002A32DC /* Sources */ = {
			isa = PBXSourcesBuildPhase;
			buildActionMask = 2147483647;
			files = (
			);
			runOnlyForDeploymentPostprocessing = 0;
		};
/* End PBXSourcesBuildPhase section */

/* Begin PBXTargetDependency section */
		9B4581392BD52EB9002A32DC /* PBXTargetDependency */ = {
			isa = PBXTargetDependency;
			target = 9B45811D2BD52EB7002A32DC /* RefactorMoti */;
			targetProxy = 9B4581382BD52EB9002A32DC /* PBXContainerItemProxy */;
		};
		9B4581432BD52EB9002A32DC /* PBXTargetDependency */ = {
			isa = PBXTargetDependency;
			target = 9B45811D2BD52EB7002A32DC /* RefactorMoti */;
			targetProxy = 9B4581422BD52EB9002A32DC /* PBXContainerItemProxy */;
		};
/* End PBXTargetDependency section */

/* Begin PBXVariantGroup section */
		9B45812F2BD52EB9002A32DC /* LaunchScreen.storyboard */ = {
			isa = PBXVariantGroup;
			children = (
				9B4581302BD52EB9002A32DC /* Base */,
			);
			name = LaunchScreen.storyboard;
			sourceTree = "<group>";
		};
/* End PBXVariantGroup section */

/* Begin XCBuildConfiguration section */
		9B4581492BD52EB9002A32DC /* Debug */ = {
			isa = XCBuildConfiguration;
			buildSettings = {
				ALWAYS_SEARCH_USER_PATHS = NO;
				ASSETCATALOG_COMPILER_GENERATE_SWIFT_ASSET_SYMBOL_EXTENSIONS = YES;
				CLANG_ANALYZER_NONNULL = YES;
				CLANG_ANALYZER_NUMBER_OBJECT_CONVERSION = YES_AGGRESSIVE;
				CLANG_CXX_LANGUAGE_STANDARD = "gnu++20";
				CLANG_ENABLE_MODULES = YES;
				CLANG_ENABLE_OBJC_ARC = YES;
				CLANG_ENABLE_OBJC_WEAK = YES;
				CLANG_WARN_BLOCK_CAPTURE_AUTORELEASING = YES;
				CLANG_WARN_BOOL_CONVERSION = YES;
				CLANG_WARN_COMMA = YES;
				CLANG_WARN_CONSTANT_CONVERSION = YES;
				CLANG_WARN_DEPRECATED_OBJC_IMPLEMENTATIONS = YES;
				CLANG_WARN_DIRECT_OBJC_ISA_USAGE = YES_ERROR;
				CLANG_WARN_DOCUMENTATION_COMMENTS = YES;
				CLANG_WARN_EMPTY_BODY = YES;
				CLANG_WARN_ENUM_CONVERSION = YES;
				CLANG_WARN_INFINITE_RECURSION = YES;
				CLANG_WARN_INT_CONVERSION = YES;
				CLANG_WARN_NON_LITERAL_NULL_CONVERSION = YES;
				CLANG_WARN_OBJC_IMPLICIT_RETAIN_SELF = YES;
				CLANG_WARN_OBJC_LITERAL_CONVERSION = YES;
				CLANG_WARN_OBJC_ROOT_CLASS = YES_ERROR;
				CLANG_WARN_QUOTED_INCLUDE_IN_FRAMEWORK_HEADER = YES;
				CLANG_WARN_RANGE_LOOP_ANALYSIS = YES;
				CLANG_WARN_STRICT_PROTOTYPES = YES;
				CLANG_WARN_SUSPICIOUS_MOVE = YES;
				CLANG_WARN_UNGUARDED_AVAILABILITY = YES_AGGRESSIVE;
				CLANG_WARN_UNREACHABLE_CODE = YES;
				CLANG_WARN__DUPLICATE_METHOD_MATCH = YES;
				COPY_PHASE_STRIP = NO;
				DEBUG_INFORMATION_FORMAT = dwarf;
				ENABLE_STRICT_OBJC_MSGSEND = YES;
				ENABLE_TESTABILITY = YES;
				ENABLE_USER_SCRIPT_SANDBOXING = YES;
				GCC_C_LANGUAGE_STANDARD = gnu17;
				GCC_DYNAMIC_NO_PIC = NO;
				GCC_NO_COMMON_BLOCKS = YES;
				GCC_OPTIMIZATION_LEVEL = 0;
				GCC_PREPROCESSOR_DEFINITIONS = (
					"DEBUG=1",
					"$(inherited)",
				);
				GCC_WARN_64_TO_32_BIT_CONVERSION = YES;
				GCC_WARN_ABOUT_RETURN_TYPE = YES_ERROR;
				GCC_WARN_UNDECLARED_SELECTOR = YES;
				GCC_WARN_UNINITIALIZED_AUTOS = YES_AGGRESSIVE;
				GCC_WARN_UNUSED_FUNCTION = YES;
				GCC_WARN_UNUSED_VARIABLE = YES;
				IPHONEOS_DEPLOYMENT_TARGET = 16.0;
				LOCALIZATION_PREFERS_STRING_CATALOGS = YES;
				MTL_ENABLE_DEBUG_INFO = INCLUDE_SOURCE;
				MTL_FAST_MATH = YES;
				ONLY_ACTIVE_ARCH = YES;
				SDKROOT = iphoneos;
				SWIFT_ACTIVE_COMPILATION_CONDITIONS = "DEBUG $(inherited)";
				SWIFT_OPTIMIZATION_LEVEL = "-Onone";
			};
			name = Debug;
		};
		9B45814A2BD52EB9002A32DC /* Release */ = {
			isa = XCBuildConfiguration;
			buildSettings = {
				ALWAYS_SEARCH_USER_PATHS = NO;
				ASSETCATALOG_COMPILER_GENERATE_SWIFT_ASSET_SYMBOL_EXTENSIONS = YES;
				CLANG_ANALYZER_NONNULL = YES;
				CLANG_ANALYZER_NUMBER_OBJECT_CONVERSION = YES_AGGRESSIVE;
				CLANG_CXX_LANGUAGE_STANDARD = "gnu++20";
				CLANG_ENABLE_MODULES = YES;
				CLANG_ENABLE_OBJC_ARC = YES;
				CLANG_ENABLE_OBJC_WEAK = YES;
				CLANG_WARN_BLOCK_CAPTURE_AUTORELEASING = YES;
				CLANG_WARN_BOOL_CONVERSION = YES;
				CLANG_WARN_COMMA = YES;
				CLANG_WARN_CONSTANT_CONVERSION = YES;
				CLANG_WARN_DEPRECATED_OBJC_IMPLEMENTATIONS = YES;
				CLANG_WARN_DIRECT_OBJC_ISA_USAGE = YES_ERROR;
				CLANG_WARN_DOCUMENTATION_COMMENTS = YES;
				CLANG_WARN_EMPTY_BODY = YES;
				CLANG_WARN_ENUM_CONVERSION = YES;
				CLANG_WARN_INFINITE_RECURSION = YES;
				CLANG_WARN_INT_CONVERSION = YES;
				CLANG_WARN_NON_LITERAL_NULL_CONVERSION = YES;
				CLANG_WARN_OBJC_IMPLICIT_RETAIN_SELF = YES;
				CLANG_WARN_OBJC_LITERAL_CONVERSION = YES;
				CLANG_WARN_OBJC_ROOT_CLASS = YES_ERROR;
				CLANG_WARN_QUOTED_INCLUDE_IN_FRAMEWORK_HEADER = YES;
				CLANG_WARN_RANGE_LOOP_ANALYSIS = YES;
				CLANG_WARN_STRICT_PROTOTYPES = YES;
				CLANG_WARN_SUSPICIOUS_MOVE = YES;
				CLANG_WARN_UNGUARDED_AVAILABILITY = YES_AGGRESSIVE;
				CLANG_WARN_UNREACHABLE_CODE = YES;
				CLANG_WARN__DUPLICATE_METHOD_MATCH = YES;
				COPY_PHASE_STRIP = NO;
				DEBUG_INFORMATION_FORMAT = "dwarf-with-dsym";
				ENABLE_NS_ASSERTIONS = NO;
				ENABLE_STRICT_OBJC_MSGSEND = YES;
				ENABLE_USER_SCRIPT_SANDBOXING = YES;
				GCC_C_LANGUAGE_STANDARD = gnu17;
				GCC_NO_COMMON_BLOCKS = YES;
				GCC_WARN_64_TO_32_BIT_CONVERSION = YES;
				GCC_WARN_ABOUT_RETURN_TYPE = YES_ERROR;
				GCC_WARN_UNDECLARED_SELECTOR = YES;
				GCC_WARN_UNINITIALIZED_AUTOS = YES_AGGRESSIVE;
				GCC_WARN_UNUSED_FUNCTION = YES;
				GCC_WARN_UNUSED_VARIABLE = YES;
				IPHONEOS_DEPLOYMENT_TARGET = 16.0;
				LOCALIZATION_PREFERS_STRING_CATALOGS = YES;
				MTL_ENABLE_DEBUG_INFO = NO;
				MTL_FAST_MATH = YES;
				SDKROOT = iphoneos;
				SWIFT_COMPILATION_MODE = wholemodule;
				VALIDATE_PRODUCT = YES;
			};
			name = Release;
		};
		9B45814C2BD52EB9002A32DC /* Debug */ = {
			isa = XCBuildConfiguration;
			buildSettings = {
				ASSETCATALOG_COMPILER_APPICON_NAME = AppIcon;
				ASSETCATALOG_COMPILER_GLOBAL_ACCENT_COLOR_NAME = AccentColor;
				CODE_SIGN_IDENTITY = "Apple Development";
				CODE_SIGN_STYLE = Automatic;
				CURRENT_PROJECT_VERSION = 1;
				DEVELOPMENT_TEAM = WPX8MV29XR;
				ENABLE_USER_SCRIPT_SANDBOXING = NO;
				GENERATE_INFOPLIST_FILE = YES;
				INFOPLIST_FILE = RefactorMoti/Resource/Info.plist;
				INFOPLIST_KEY_UIApplicationSupportsIndirectInputEvents = YES;
				INFOPLIST_KEY_UILaunchStoryboardName = LaunchScreen;
				INFOPLIST_KEY_UISupportedInterfaceOrientations_iPad = "UIInterfaceOrientationPortrait UIInterfaceOrientationPortraitUpsideDown UIInterfaceOrientationLandscapeLeft UIInterfaceOrientationLandscapeRight";
				INFOPLIST_KEY_UISupportedInterfaceOrientations_iPhone = "UIInterfaceOrientationPortrait UIInterfaceOrientationLandscapeLeft UIInterfaceOrientationLandscapeRight";
				LD_RUNPATH_SEARCH_PATHS = (
					"$(inherited)",
					"@executable_path/Frameworks",
				);
				MARKETING_VERSION = 1.0;
				PRODUCT_BUNDLE_IDENTIFIER = com.jeongju9216.moti;
				PRODUCT_NAME = "$(TARGET_NAME)";
				PROVISIONING_PROFILE_SPECIFIER = "";
				SWIFT_EMIT_LOC_STRINGS = YES;
				SWIFT_VERSION = 5.0;
				TARGETED_DEVICE_FAMILY = "1,2";
			};
			name = Debug;
		};
		9B45814D2BD52EB9002A32DC /* Release */ = {
			isa = XCBuildConfiguration;
			buildSettings = {
				ASSETCATALOG_COMPILER_APPICON_NAME = AppIcon;
				ASSETCATALOG_COMPILER_GLOBAL_ACCENT_COLOR_NAME = AccentColor;
				CODE_SIGN_IDENTITY = "Apple Development";
				CODE_SIGN_STYLE = Automatic;
				CURRENT_PROJECT_VERSION = 1;
				DEVELOPMENT_TEAM = WPX8MV29XR;
				ENABLE_USER_SCRIPT_SANDBOXING = NO;
				GENERATE_INFOPLIST_FILE = YES;
				INFOPLIST_FILE = RefactorMoti/Resource/Info.plist;
				INFOPLIST_KEY_UIApplicationSupportsIndirectInputEvents = YES;
				INFOPLIST_KEY_UILaunchStoryboardName = LaunchScreen;
				INFOPLIST_KEY_UISupportedInterfaceOrientations_iPad = "UIInterfaceOrientationPortrait UIInterfaceOrientationPortraitUpsideDown UIInterfaceOrientationLandscapeLeft UIInterfaceOrientationLandscapeRight";
				INFOPLIST_KEY_UISupportedInterfaceOrientations_iPhone = "UIInterfaceOrientationPortrait UIInterfaceOrientationLandscapeLeft UIInterfaceOrientationLandscapeRight";
				LD_RUNPATH_SEARCH_PATHS = (
					"$(inherited)",
					"@executable_path/Frameworks",
				);
				MARKETING_VERSION = 1.0;
				PRODUCT_BUNDLE_IDENTIFIER = com.jeongju9216.moti;
				PRODUCT_NAME = "$(TARGET_NAME)";
				PROVISIONING_PROFILE_SPECIFIER = "";
				SWIFT_EMIT_LOC_STRINGS = YES;
				SWIFT_VERSION = 5.0;
				TARGETED_DEVICE_FAMILY = "1,2";
			};
			name = Release;
		};
		9B45814F2BD52EB9002A32DC /* Debug */ = {
			isa = XCBuildConfiguration;
			buildSettings = {
				ALWAYS_EMBED_SWIFT_STANDARD_LIBRARIES = YES;
				BUNDLE_LOADER = "$(TEST_HOST)";
				CLANG_ENABLE_MODULES = YES;
				CODE_SIGN_STYLE = Automatic;
				CURRENT_PROJECT_VERSION = 1;
				DEVELOPMENT_TEAM = WPX8MV29XR;
				GENERATE_INFOPLIST_FILE = YES;
				IPHONEOS_DEPLOYMENT_TARGET = 16.0;
				MARKETING_VERSION = 1.0;
				PRODUCT_BUNDLE_IDENTIFIER = com.jeongju9216.RefactorMotiTests;
				PRODUCT_NAME = "$(TARGET_NAME)";
				SWIFT_EMIT_LOC_STRINGS = NO;
				SWIFT_OPTIMIZATION_LEVEL = "-Onone";
				SWIFT_VERSION = 5.0;
				TARGETED_DEVICE_FAMILY = "1,2";
				TEST_HOST = "$(BUILT_PRODUCTS_DIR)/RefactorMoti.app/$(BUNDLE_EXECUTABLE_FOLDER_PATH)/RefactorMoti";
			};
			name = Debug;
		};
		9B4581502BD52EB9002A32DC /* Release */ = {
			isa = XCBuildConfiguration;
			buildSettings = {
				ALWAYS_EMBED_SWIFT_STANDARD_LIBRARIES = YES;
				BUNDLE_LOADER = "$(TEST_HOST)";
				CLANG_ENABLE_MODULES = YES;
				CODE_SIGN_STYLE = Automatic;
				CURRENT_PROJECT_VERSION = 1;
				DEVELOPMENT_TEAM = WPX8MV29XR;
				GENERATE_INFOPLIST_FILE = YES;
				IPHONEOS_DEPLOYMENT_TARGET = 16.0;
				MARKETING_VERSION = 1.0;
				PRODUCT_BUNDLE_IDENTIFIER = com.jeongju9216.RefactorMotiTests;
				PRODUCT_NAME = "$(TARGET_NAME)";
				SWIFT_EMIT_LOC_STRINGS = NO;
				SWIFT_VERSION = 5.0;
				TARGETED_DEVICE_FAMILY = "1,2";
				TEST_HOST = "$(BUILT_PRODUCTS_DIR)/RefactorMoti.app/$(BUNDLE_EXECUTABLE_FOLDER_PATH)/RefactorMoti";
			};
			name = Release;
		};
		9B4581522BD52EB9002A32DC /* Debug */ = {
			isa = XCBuildConfiguration;
			buildSettings = {
				ALWAYS_EMBED_SWIFT_STANDARD_LIBRARIES = YES;
				CODE_SIGN_STYLE = Automatic;
				CURRENT_PROJECT_VERSION = 1;
				DEVELOPMENT_TEAM = WPX8MV29XR;
				GENERATE_INFOPLIST_FILE = YES;
				MARKETING_VERSION = 1.0;
				PRODUCT_BUNDLE_IDENTIFIER = com.jeongju9216.RefactorMotiUITests;
				PRODUCT_NAME = "$(TARGET_NAME)";
				SWIFT_EMIT_LOC_STRINGS = NO;
				SWIFT_VERSION = 5.0;
				TARGETED_DEVICE_FAMILY = "1,2";
				TEST_TARGET_NAME = RefactorMoti;
			};
			name = Debug;
		};
		9B4581532BD52EB9002A32DC /* Release */ = {
			isa = XCBuildConfiguration;
			buildSettings = {
				ALWAYS_EMBED_SWIFT_STANDARD_LIBRARIES = YES;
				CODE_SIGN_STYLE = Automatic;
				CURRENT_PROJECT_VERSION = 1;
				DEVELOPMENT_TEAM = WPX8MV29XR;
				GENERATE_INFOPLIST_FILE = YES;
				MARKETING_VERSION = 1.0;
				PRODUCT_BUNDLE_IDENTIFIER = com.jeongju9216.RefactorMotiUITests;
				PRODUCT_NAME = "$(TARGET_NAME)";
				SWIFT_EMIT_LOC_STRINGS = NO;
				SWIFT_VERSION = 5.0;
				TARGETED_DEVICE_FAMILY = "1,2";
				TEST_TARGET_NAME = RefactorMoti;
			};
			name = Release;
		};
/* End XCBuildConfiguration section */

/* Begin XCConfigurationList section */
		9B4581192BD52EB7002A32DC /* Build configuration list for PBXProject "RefactorMoti" */ = {
			isa = XCConfigurationList;
			buildConfigurations = (
				9B4581492BD52EB9002A32DC /* Debug */,
				9B45814A2BD52EB9002A32DC /* Release */,
			);
			defaultConfigurationIsVisible = 0;
			defaultConfigurationName = Release;
		};
		9B45814B2BD52EB9002A32DC /* Build configuration list for PBXNativeTarget "RefactorMoti" */ = {
			isa = XCConfigurationList;
			buildConfigurations = (
				9B45814C2BD52EB9002A32DC /* Debug */,
				9B45814D2BD52EB9002A32DC /* Release */,
			);
			defaultConfigurationIsVisible = 0;
			defaultConfigurationName = Release;
		};
		9B45814E2BD52EB9002A32DC /* Build configuration list for PBXNativeTarget "RefactorMotiTests" */ = {
			isa = XCConfigurationList;
			buildConfigurations = (
				9B45814F2BD52EB9002A32DC /* Debug */,
				9B4581502BD52EB9002A32DC /* Release */,
			);
			defaultConfigurationIsVisible = 0;
			defaultConfigurationName = Release;
		};
		9B4581512BD52EB9002A32DC /* Build configuration list for PBXNativeTarget "RefactorMotiUITests" */ = {
			isa = XCConfigurationList;
			buildConfigurations = (
				9B4581522BD52EB9002A32DC /* Debug */,
				9B4581532BD52EB9002A32DC /* Release */,
			);
			defaultConfigurationIsVisible = 0;
			defaultConfigurationName = Release;
		};
/* End XCConfigurationList section */

/* Begin XCRemoteSwiftPackageReference section */
		9B4581722BD7EC40002A32DC /* XCRemoteSwiftPackageReference "firebase-ios-sdk" */ = {
			isa = XCRemoteSwiftPackageReference;
			repositoryURL = "https://github.com/firebase/firebase-ios-sdk.git";
			requirement = {
				kind = upToNextMajorVersion;
				minimumVersion = 10.24.0;
			};
		};
/* End XCRemoteSwiftPackageReference section */

/* Begin XCSwiftPackageProductDependency section */
		9B4581732BD7EC40002A32DC /* FirebaseDatabase */ = {
			isa = XCSwiftPackageProductDependency;
			package = 9B4581722BD7EC40002A32DC /* XCRemoteSwiftPackageReference "firebase-ios-sdk" */;
			productName = FirebaseDatabase;
		};
/* End XCSwiftPackageProductDependency section */

/* Begin XCVersionGroup section */
		9B45812A2BD52EB7002A32DC /* RefactorMoti.xcdatamodeld */ = {
			isa = XCVersionGroup;
			children = (
				9B45812B2BD52EB7002A32DC /* RefactorMoti.xcdatamodel */,
			);
			currentVersion = 9B45812B2BD52EB7002A32DC /* RefactorMoti.xcdatamodel */;
			path = RefactorMoti.xcdatamodeld;
			sourceTree = "<group>";
			versionGroupType = wrapper.xcdatamodel;
		};
/* End XCVersionGroup section */
	};
	rootObject = 9B4581162BD52EB7002A32DC /* Project object */;
}
