// !$*UTF8*$!
{
	archiveVersion = 1;
	classes = {
	};
	objectVersion = 56;
	objects = {

/* Begin PBXBuildFile section */
		9B289C6C2BDBD4E1000813C1 /* AuthUseCaseTests.swift in Sources */ = {isa = PBXBuildFile; fileRef = 9B289C6B2BDBD4E1000813C1 /* AuthUseCaseTests.swift */; };
		9B289C732BDCDDBD000813C1 /* BaseView.swift in Sources */ = {isa = PBXBuildFile; fileRef = 9B289C722BDCDDBD000813C1 /* BaseView.swift */; };
		9B289C752BDCE249000813C1 /* BaseViewController.swift in Sources */ = {isa = PBXBuildFile; fileRef = 9B289C742BDCE249000813C1 /* BaseViewController.swift */; };
		9B289C772BDCED27000813C1 /* LaunchViewController.swift in Sources */ = {isa = PBXBuildFile; fileRef = 9B289C762BDCED27000813C1 /* LaunchViewController.swift */; };
		9B289C792BDCED2C000813C1 /* LaunchView.swift in Sources */ = {isa = PBXBuildFile; fileRef = 9B289C782BDCED2C000813C1 /* LaunchView.swift */; };
		9B289C7B2BDCF0E0000813C1 /* LayoutViewController.swift in Sources */ = {isa = PBXBuildFile; fileRef = 9B289C7A2BDCF0E0000813C1 /* LayoutViewController.swift */; };
		9B289C7E2BDD34B7000813C1 /* AutoLayoutWrapper.swift in Sources */ = {isa = PBXBuildFile; fileRef = 9B289C7D2BDD34B7000813C1 /* AutoLayoutWrapper.swift */; };
		9B289C802BDD34E1000813C1 /* AutoLayoutWrapper+Size.swift in Sources */ = {isa = PBXBuildFile; fileRef = 9B289C7F2BDD34E1000813C1 /* AutoLayoutWrapper+Size.swift */; };
		9B289C822BDD3B6C000813C1 /* AutoLayoutWrapper+Center.swift in Sources */ = {isa = PBXBuildFile; fileRef = 9B289C812BDD3B6C000813C1 /* AutoLayoutWrapper+Center.swift */; };
		9B289C842BDD3B9F000813C1 /* AutoLayoutWrapper+Vertical.swift in Sources */ = {isa = PBXBuildFile; fileRef = 9B289C832BDD3B9F000813C1 /* AutoLayoutWrapper+Vertical.swift */; };
		9B289C862BDD3BA4000813C1 /* AutoLayoutWrapper+Horizontal.swift in Sources */ = {isa = PBXBuildFile; fileRef = 9B289C852BDD3BA4000813C1 /* AutoLayoutWrapper+Horizontal.swift */; };
		9B289C882BDD3C03000813C1 /* AutoLayoutWrapper+All.swift in Sources */ = {isa = PBXBuildFile; fileRef = 9B289C872BDD3C03000813C1 /* AutoLayoutWrapper+All.swift */; };
		9B289C8B2BDE4682000813C1 /* LoginView.swift in Sources */ = {isa = PBXBuildFile; fileRef = 9B289C8A2BDE4682000813C1 /* LoginView.swift */; };
		9B289C8D2BDE4687000813C1 /* LoginViewController.swift in Sources */ = {isa = PBXBuildFile; fileRef = 9B289C8C2BDE4687000813C1 /* LoginViewController.swift */; };
		9B411CAF2BDFBF9400A50B78 /* LoginViewModelTests.swift in Sources */ = {isa = PBXBuildFile; fileRef = 9B411CAE2BDFBF9400A50B78 /* LoginViewModelTests.swift */; };
		9B411CB12BDFC31D00A50B78 /* LoginViewModelProtocol.swift in Sources */ = {isa = PBXBuildFile; fileRef = 9B411CB02BDFC31D00A50B78 /* LoginViewModelProtocol.swift */; };
		9B411CB32BDFC31F00A50B78 /* LoginViewModel.swift in Sources */ = {isa = PBXBuildFile; fileRef = 9B411CB22BDFC31F00A50B78 /* LoginViewModel.swift */; };
		9B411CB62BDFC38100A50B78 /* ViewModelable.swift in Sources */ = {isa = PBXBuildFile; fileRef = 9B411CB52BDFC38100A50B78 /* ViewModelable.swift */; };
		9B411CBA2BDFCB9900A50B78 /* UIControl+Combine.swift in Sources */ = {isa = PBXBuildFile; fileRef = 9B411CB92BDFCB9900A50B78 /* UIControl+Combine.swift */; };
		9B411CBC2BDFCB9F00A50B78 /* UIView+Combine.swift in Sources */ = {isa = PBXBuildFile; fileRef = 9B411CBB2BDFCB9F00A50B78 /* UIView+Combine.swift */; };
		9B411CBF2BDFD0A700A50B78 /* HomeViewController.swift in Sources */ = {isa = PBXBuildFile; fileRef = 9B411CBE2BDFD0A700A50B78 /* HomeViewController.swift */; };
		9B411CC12BDFD0AC00A50B78 /* HomeView.swift in Sources */ = {isa = PBXBuildFile; fileRef = 9B411CC02BDFD0AC00A50B78 /* HomeView.swift */; };
		9B4581222BD52EB7002A32DC /* AppDelegate.swift in Sources */ = {isa = PBXBuildFile; fileRef = 9B4581212BD52EB7002A32DC /* AppDelegate.swift */; };
		9B4581242BD52EB7002A32DC /* SceneDelegate.swift in Sources */ = {isa = PBXBuildFile; fileRef = 9B4581232BD52EB7002A32DC /* SceneDelegate.swift */; };
		9B45812C2BD52EB7002A32DC /* RefactorMoti.xcdatamodeld in Sources */ = {isa = PBXBuildFile; fileRef = 9B45812A2BD52EB7002A32DC /* RefactorMoti.xcdatamodeld */; };
		9B45812E2BD52EB9002A32DC /* Assets.xcassets in Resources */ = {isa = PBXBuildFile; fileRef = 9B45812D2BD52EB9002A32DC /* Assets.xcassets */; };
		9B4581312BD52EB9002A32DC /* LaunchScreen.storyboard in Resources */ = {isa = PBXBuildFile; fileRef = 9B45812F2BD52EB9002A32DC /* LaunchScreen.storyboard */; };
		9B4581552BD52F0D002A32DC /* .swiftlint.yml in Resources */ = {isa = PBXBuildFile; fileRef = 9B4581542BD52F0D002A32DC /* .swiftlint.yml */; };
		9B4581582BD7DF17002A32DC /* LaunchViewModelTests.swift in Sources */ = {isa = PBXBuildFile; fileRef = 9B4581572BD7DF17002A32DC /* LaunchViewModelTests.swift */; };
		9B45815C2BD7E3C6002A32DC /* LaunchRepositoryTests.swift in Sources */ = {isa = PBXBuildFile; fileRef = 9B45815B2BD7E3C6002A32DC /* LaunchRepositoryTests.swift */; };
		9B45816A2BD7EAE7002A32DC /* VersionRepositoryProtocol.swift in Sources */ = {isa = PBXBuildFile; fileRef = 9B4581692BD7EAE7002A32DC /* VersionRepositoryProtocol.swift */; };
		9B45816C2BD7EAED002A32DC /* VersionRepository.swift in Sources */ = {isa = PBXBuildFile; fileRef = 9B45816B2BD7EAED002A32DC /* VersionRepository.swift */; };
		9B4581702BD7EB37002A32DC /* FirebaseStorage.swift in Sources */ = {isa = PBXBuildFile; fileRef = 9B45816F2BD7EB37002A32DC /* FirebaseStorage.swift */; };
		9B4581742BD7EC40002A32DC /* FirebaseDatabase in Frameworks */ = {isa = PBXBuildFile; productRef = 9B4581732BD7EC40002A32DC /* FirebaseDatabase */; };
		9B4581762BD7EE85002A32DC /* GoogleService-Info.plist in Resources */ = {isa = PBXBuildFile; fileRef = 9B4581752BD7EE85002A32DC /* GoogleService-Info.plist */; };
		9B4581782BD7EF2F002A32DC /* Version.swift in Sources */ = {isa = PBXBuildFile; fileRef = 9B4581772BD7EF2F002A32DC /* Version.swift */; };
		9B45817D2BD7F231002A32DC /* LaunchNetworkTests.swift in Sources */ = {isa = PBXBuildFile; fileRef = 9B45817C2BD7F231002A32DC /* LaunchNetworkTests.swift */; };
		9B4581802BD92FED002A32DC /* FetchVersionUseCase.swift in Sources */ = {isa = PBXBuildFile; fileRef = 9B45817F2BD92FED002A32DC /* FetchVersionUseCase.swift */; };
		9B4581832BD9341A002A32DC /* FirebaseStorageProtocol.swift in Sources */ = {isa = PBXBuildFile; fileRef = 9B4581822BD9341A002A32DC /* FirebaseStorageProtocol.swift */; };
		9B4581862BD93451002A32DC /* FirebaseStorageStub.swift in Sources */ = {isa = PBXBuildFile; fileRef = 9B4581852BD93451002A32DC /* FirebaseStorageStub.swift */; };
		9B45818C2BD936DB002A32DC /* LaunchViewModel.swift in Sources */ = {isa = PBXBuildFile; fileRef = 9B45818B2BD936DB002A32DC /* LaunchViewModel.swift */; };
		9B45818E2BD93A02002A32DC /* FetchVersionUseCaseStub.swift in Sources */ = {isa = PBXBuildFile; fileRef = 9B45818D2BD93A02002A32DC /* FetchVersionUseCaseStub.swift */; };
		9B4581902BD93D3F002A32DC /* LaunchViewModelProtocol.swift in Sources */ = {isa = PBXBuildFile; fileRef = 9B45818F2BD93D3F002A32DC /* LaunchViewModelProtocol.swift */; };
		9BA895872BDFDB5B0080D400 /* JeongDesignSystem in Frameworks */ = {isa = PBXBuildFile; productRef = 9BA895862BDFDB5B0080D400 /* JeongDesignSystem */; };
/* End PBXBuildFile section */

/* Begin PBXContainerItemProxy section */
		9B4581382BD52EB9002A32DC /* PBXContainerItemProxy */ = {
			isa = PBXContainerItemProxy;
			containerPortal = 9B4581162BD52EB7002A32DC /* Project object */;
			proxyType = 1;
			remoteGlobalIDString = 9B45811D2BD52EB7002A32DC;
			remoteInfo = RefactorMoti;
		};
/* End PBXContainerItemProxy section */

/* Begin PBXFileReference section */
		9B289C6B2BDBD4E1000813C1 /* AuthUseCaseTests.swift */ = {isa = PBXFileReference; lastKnownFileType = sourcecode.swift; path = AuthUseCaseTests.swift; sourceTree = "<group>"; };
		9B289C722BDCDDBD000813C1 /* BaseView.swift */ = {isa = PBXFileReference; lastKnownFileType = sourcecode.swift; path = BaseView.swift; sourceTree = "<group>"; };
		9B289C742BDCE249000813C1 /* BaseViewController.swift */ = {isa = PBXFileReference; lastKnownFileType = sourcecode.swift; path = BaseViewController.swift; sourceTree = "<group>"; };
		9B289C762BDCED27000813C1 /* LaunchViewController.swift */ = {isa = PBXFileReference; lastKnownFileType = sourcecode.swift; path = LaunchViewController.swift; sourceTree = "<group>"; };
		9B289C782BDCED2C000813C1 /* LaunchView.swift */ = {isa = PBXFileReference; lastKnownFileType = sourcecode.swift; path = LaunchView.swift; sourceTree = "<group>"; };
		9B289C7A2BDCF0E0000813C1 /* LayoutViewController.swift */ = {isa = PBXFileReference; lastKnownFileType = sourcecode.swift; path = LayoutViewController.swift; sourceTree = "<group>"; };
		9B289C7D2BDD34B7000813C1 /* AutoLayoutWrapper.swift */ = {isa = PBXFileReference; lastKnownFileType = sourcecode.swift; path = AutoLayoutWrapper.swift; sourceTree = "<group>"; };
		9B289C7F2BDD34E1000813C1 /* AutoLayoutWrapper+Size.swift */ = {isa = PBXFileReference; lastKnownFileType = sourcecode.swift; path = "AutoLayoutWrapper+Size.swift"; sourceTree = "<group>"; };
		9B289C812BDD3B6C000813C1 /* AutoLayoutWrapper+Center.swift */ = {isa = PBXFileReference; lastKnownFileType = sourcecode.swift; path = "AutoLayoutWrapper+Center.swift"; sourceTree = "<group>"; };
		9B289C832BDD3B9F000813C1 /* AutoLayoutWrapper+Vertical.swift */ = {isa = PBXFileReference; lastKnownFileType = sourcecode.swift; path = "AutoLayoutWrapper+Vertical.swift"; sourceTree = "<group>"; };
		9B289C852BDD3BA4000813C1 /* AutoLayoutWrapper+Horizontal.swift */ = {isa = PBXFileReference; lastKnownFileType = sourcecode.swift; path = "AutoLayoutWrapper+Horizontal.swift"; sourceTree = "<group>"; };
		9B289C872BDD3C03000813C1 /* AutoLayoutWrapper+All.swift */ = {isa = PBXFileReference; lastKnownFileType = sourcecode.swift; path = "AutoLayoutWrapper+All.swift"; sourceTree = "<group>"; };
		9B289C8A2BDE4682000813C1 /* LoginView.swift */ = {isa = PBXFileReference; lastKnownFileType = sourcecode.swift; path = LoginView.swift; sourceTree = "<group>"; };
		9B289C8C2BDE4687000813C1 /* LoginViewController.swift */ = {isa = PBXFileReference; lastKnownFileType = sourcecode.swift; path = LoginViewController.swift; sourceTree = "<group>"; };
		9B411CAE2BDFBF9400A50B78 /* LoginViewModelTests.swift */ = {isa = PBXFileReference; lastKnownFileType = sourcecode.swift; path = LoginViewModelTests.swift; sourceTree = "<group>"; };
		9B411CB02BDFC31D00A50B78 /* LoginViewModelProtocol.swift */ = {isa = PBXFileReference; lastKnownFileType = sourcecode.swift; path = LoginViewModelProtocol.swift; sourceTree = "<group>"; };
		9B411CB22BDFC31F00A50B78 /* LoginViewModel.swift */ = {isa = PBXFileReference; lastKnownFileType = sourcecode.swift; path = LoginViewModel.swift; sourceTree = "<group>"; };
		9B411CB52BDFC38100A50B78 /* ViewModelable.swift */ = {isa = PBXFileReference; lastKnownFileType = sourcecode.swift; path = ViewModelable.swift; sourceTree = "<group>"; };
		9B411CB92BDFCB9900A50B78 /* UIControl+Combine.swift */ = {isa = PBXFileReference; lastKnownFileType = sourcecode.swift; path = "UIControl+Combine.swift"; sourceTree = "<group>"; };
		9B411CBB2BDFCB9F00A50B78 /* UIView+Combine.swift */ = {isa = PBXFileReference; lastKnownFileType = sourcecode.swift; path = "UIView+Combine.swift"; sourceTree = "<group>"; };
		9B411CBE2BDFD0A700A50B78 /* HomeViewController.swift */ = {isa = PBXFileReference; lastKnownFileType = sourcecode.swift; path = HomeViewController.swift; sourceTree = "<group>"; };
		9B411CC02BDFD0AC00A50B78 /* HomeView.swift */ = {isa = PBXFileReference; lastKnownFileType = sourcecode.swift; path = HomeView.swift; sourceTree = "<group>"; };
		9B45811E2BD52EB7002A32DC /* RefactorMoti.app */ = {isa = PBXFileReference; explicitFileType = wrapper.application; includeInIndex = 0; path = RefactorMoti.app; sourceTree = BUILT_PRODUCTS_DIR; };
		9B4581212BD52EB7002A32DC /* AppDelegate.swift */ = {isa = PBXFileReference; lastKnownFileType = sourcecode.swift; path = AppDelegate.swift; sourceTree = "<group>"; };
		9B4581232BD52EB7002A32DC /* SceneDelegate.swift */ = {isa = PBXFileReference; lastKnownFileType = sourcecode.swift; path = SceneDelegate.swift; sourceTree = "<group>"; };
		9B45812B2BD52EB7002A32DC /* RefactorMoti.xcdatamodel */ = {isa = PBXFileReference; lastKnownFileType = wrapper.xcdatamodel; path = RefactorMoti.xcdatamodel; sourceTree = "<group>"; };
		9B45812D2BD52EB9002A32DC /* Assets.xcassets */ = {isa = PBXFileReference; lastKnownFileType = folder.assetcatalog; path = Assets.xcassets; sourceTree = "<group>"; };
		9B4581302BD52EB9002A32DC /* Base */ = {isa = PBXFileReference; lastKnownFileType = file.storyboard; name = Base; path = Base.lproj/LaunchScreen.storyboard; sourceTree = "<group>"; };
		9B4581322BD52EB9002A32DC /* Info.plist */ = {isa = PBXFileReference; lastKnownFileType = text.plist.xml; path = Info.plist; sourceTree = "<group>"; };
		9B4581372BD52EB9002A32DC /* RefactorMotiTests.xctest */ = {isa = PBXFileReference; explicitFileType = wrapper.cfbundle; includeInIndex = 0; path = RefactorMotiTests.xctest; sourceTree = BUILT_PRODUCTS_DIR; };
		9B4581542BD52F0D002A32DC /* .swiftlint.yml */ = {isa = PBXFileReference; lastKnownFileType = text.yaml; path = .swiftlint.yml; sourceTree = "<group>"; };
		9B4581572BD7DF17002A32DC /* LaunchViewModelTests.swift */ = {isa = PBXFileReference; lastKnownFileType = sourcecode.swift; path = LaunchViewModelTests.swift; sourceTree = "<group>"; };
		9B45815B2BD7E3C6002A32DC /* LaunchRepositoryTests.swift */ = {isa = PBXFileReference; lastKnownFileType = sourcecode.swift; path = LaunchRepositoryTests.swift; sourceTree = "<group>"; };
		9B4581692BD7EAE7002A32DC /* VersionRepositoryProtocol.swift */ = {isa = PBXFileReference; lastKnownFileType = sourcecode.swift; path = VersionRepositoryProtocol.swift; sourceTree = "<group>"; };
		9B45816B2BD7EAED002A32DC /* VersionRepository.swift */ = {isa = PBXFileReference; lastKnownFileType = sourcecode.swift; path = VersionRepository.swift; sourceTree = "<group>"; };
		9B45816F2BD7EB37002A32DC /* FirebaseStorage.swift */ = {isa = PBXFileReference; lastKnownFileType = sourcecode.swift; path = FirebaseStorage.swift; sourceTree = "<group>"; };
		9B4581752BD7EE85002A32DC /* GoogleService-Info.plist */ = {isa = PBXFileReference; fileEncoding = 4; lastKnownFileType = text.plist.xml; path = "GoogleService-Info.plist"; sourceTree = "<group>"; };
		9B4581772BD7EF2F002A32DC /* Version.swift */ = {isa = PBXFileReference; lastKnownFileType = sourcecode.swift; path = Version.swift; sourceTree = "<group>"; };
		9B45817C2BD7F231002A32DC /* LaunchNetworkTests.swift */ = {isa = PBXFileReference; lastKnownFileType = sourcecode.swift; path = LaunchNetworkTests.swift; sourceTree = "<group>"; };
		9B45817F2BD92FED002A32DC /* FetchVersionUseCase.swift */ = {isa = PBXFileReference; lastKnownFileType = sourcecode.swift; path = FetchVersionUseCase.swift; sourceTree = "<group>"; };
		9B4581822BD9341A002A32DC /* FirebaseStorageProtocol.swift */ = {isa = PBXFileReference; lastKnownFileType = sourcecode.swift; path = FirebaseStorageProtocol.swift; sourceTree = "<group>"; };
		9B4581852BD93451002A32DC /* FirebaseStorageStub.swift */ = {isa = PBXFileReference; lastKnownFileType = sourcecode.swift; path = FirebaseStorageStub.swift; sourceTree = "<group>"; };
		9B45818B2BD936DB002A32DC /* LaunchViewModel.swift */ = {isa = PBXFileReference; lastKnownFileType = sourcecode.swift; path = LaunchViewModel.swift; sourceTree = "<group>"; };
		9B45818D2BD93A02002A32DC /* FetchVersionUseCaseStub.swift */ = {isa = PBXFileReference; lastKnownFileType = sourcecode.swift; path = FetchVersionUseCaseStub.swift; sourceTree = "<group>"; };
		9B45818F2BD93D3F002A32DC /* LaunchViewModelProtocol.swift */ = {isa = PBXFileReference; lastKnownFileType = sourcecode.swift; path = LaunchViewModelProtocol.swift; sourceTree = "<group>"; };
/* End PBXFileReference section */

/* Begin PBXFrameworksBuildPhase section */
		9B45811B2BD52EB7002A32DC /* Frameworks */ = {
			isa = PBXFrameworksBuildPhase;
			buildActionMask = 2147483647;
			files = (
				9B4581742BD7EC40002A32DC /* FirebaseDatabase in Frameworks */,
				9BA895872BDFDB5B0080D400 /* JeongDesignSystem in Frameworks */,
			);
			runOnlyForDeploymentPostprocessing = 0;
		};
		9B4581342BD52EB9002A32DC /* Frameworks */ = {
			isa = PBXFrameworksBuildPhase;
			buildActionMask = 2147483647;
			files = (
			);
			runOnlyForDeploymentPostprocessing = 0;
		};
/* End PBXFrameworksBuildPhase section */

/* Begin PBXGroup section */
		9B289C6A2BDBD4D0000813C1 /* Auth */ = {
			isa = PBXGroup;
			children = (
				9B289C6B2BDBD4E1000813C1 /* AuthUseCaseTests.swift */,
			);
			path = Auth;
			sourceTree = "<group>";
		};
		9B289C712BDCDDB5000813C1 /* Base */ = {
			isa = PBXGroup;
			children = (
				9B289C722BDCDDBD000813C1 /* BaseView.swift */,
				9B289C742BDCE249000813C1 /* BaseViewController.swift */,
				9B289C7A2BDCF0E0000813C1 /* LayoutViewController.swift */,
				9B411CB52BDFC38100A50B78 /* ViewModelable.swift */,
			);
			path = Base;
			sourceTree = "<group>";
		};
		9B289C7C2BDD3368000813C1 /* AutoLayout */ = {
			isa = PBXGroup;
			children = (
				9B289C7D2BDD34B7000813C1 /* AutoLayoutWrapper.swift */,
				9B289C7F2BDD34E1000813C1 /* AutoLayoutWrapper+Size.swift */,
				9B289C812BDD3B6C000813C1 /* AutoLayoutWrapper+Center.swift */,
				9B289C832BDD3B9F000813C1 /* AutoLayoutWrapper+Vertical.swift */,
				9B289C852BDD3BA4000813C1 /* AutoLayoutWrapper+Horizontal.swift */,
				9B289C872BDD3C03000813C1 /* AutoLayoutWrapper+All.swift */,
			);
			path = AutoLayout;
			sourceTree = "<group>";
		};
		9B289C892BDE466B000813C1 /* Login */ = {
			isa = PBXGroup;
			children = (
				9B289C8A2BDE4682000813C1 /* LoginView.swift */,
				9B289C8C2BDE4687000813C1 /* LoginViewController.swift */,
				9B411CB02BDFC31D00A50B78 /* LoginViewModelProtocol.swift */,
				9B411CB22BDFC31F00A50B78 /* LoginViewModel.swift */,
			);
			path = Login;
			sourceTree = "<group>";
		};
		9B411CAD2BDFBF8700A50B78 /* Login */ = {
			isa = PBXGroup;
			children = (
				9B411CAE2BDFBF9400A50B78 /* LoginViewModelTests.swift */,
			);
			path = Login;
			sourceTree = "<group>";
		};
		9B411CB72BDFCB7900A50B78 /* Extensions */ = {
			isa = PBXGroup;
			children = (
				9B411CB82BDFCB8A00A50B78 /* Combine */,
			);
			path = Extensions;
			sourceTree = "<group>";
		};
		9B411CB82BDFCB8A00A50B78 /* Combine */ = {
			isa = PBXGroup;
			children = (
				9B411CB92BDFCB9900A50B78 /* UIControl+Combine.swift */,
				9B411CBB2BDFCB9F00A50B78 /* UIView+Combine.swift */,
			);
			path = Combine;
			sourceTree = "<group>";
		};
		9B411CBD2BDFD09D00A50B78 /* Home */ = {
			isa = PBXGroup;
			children = (
				9B411CBE2BDFD0A700A50B78 /* HomeViewController.swift */,
				9B411CC02BDFD0AC00A50B78 /* HomeView.swift */,
			);
			path = Home;
			sourceTree = "<group>";
		};
		9B4581152BD52EB7002A32DC = {
			isa = PBXGroup;
			children = (
				9B4581542BD52F0D002A32DC /* .swiftlint.yml */,
				9B4581202BD52EB7002A32DC /* RefactorMoti */,
				9B45813A2BD52EB9002A32DC /* RefactorMotiTests */,
				9B45811F2BD52EB7002A32DC /* Products */,
			);
			sourceTree = "<group>";
		};
		9B45811F2BD52EB7002A32DC /* Products */ = {
			isa = PBXGroup;
			children = (
				9B45811E2BD52EB7002A32DC /* RefactorMoti.app */,
				9B4581372BD52EB9002A32DC /* RefactorMotiTests.xctest */,
			);
			name = Products;
			sourceTree = "<group>";
		};
		9B4581202BD52EB7002A32DC /* RefactorMoti */ = {
			isa = PBXGroup;
			children = (
				9B4581602BD7EA34002A32DC /* Application */,
				9B45815F2BD7EA26002A32DC /* Presentation */,
				9B45815D2BD7EA1E002A32DC /* Domain */,
				9B45815E2BD7EA23002A32DC /* Data */,
				9B411CB72BDFCB7900A50B78 /* Extensions */,
				9B4581612BD7EA3C002A32DC /* Resource */,
			);
			path = RefactorMoti;
			sourceTree = "<group>";
		};
		9B45813A2BD52EB9002A32DC /* RefactorMotiTests */ = {
			isa = PBXGroup;
			children = (
				9B411CAD2BDFBF8700A50B78 /* Login */,
				9B289C6A2BDBD4D0000813C1 /* Auth */,
				9B4581592BD7E3A9002A32DC /* Launch */,
			);
			path = RefactorMotiTests;
			sourceTree = "<group>";
		};
		9B4581592BD7E3A9002A32DC /* Launch */ = {
			isa = PBXGroup;
			children = (
				9B4581842BD9344A002A32DC /* Stub */,
				9B4581572BD7DF17002A32DC /* LaunchViewModelTests.swift */,
				9B45815B2BD7E3C6002A32DC /* LaunchRepositoryTests.swift */,
				9B45817C2BD7F231002A32DC /* LaunchNetworkTests.swift */,
			);
			path = Launch;
			sourceTree = "<group>";
		};
		9B45815D2BD7EA1E002A32DC /* Domain */ = {
			isa = PBXGroup;
			children = (
				9B4581792BD7EF36002A32DC /* Entity */,
				9B45817E2BD92FD9002A32DC /* UseCase */,
				9B4581632BD7EAB0002A32DC /* RepositoryProtocol */,
				9B4581812BD9340D002A32DC /* StorageProtocol */,
			);
			path = Domain;
			sourceTree = "<group>";
		};
		9B45815E2BD7EA23002A32DC /* Data */ = {
			isa = PBXGroup;
			children = (
				9B4581622BD7EA6C002A32DC /* CoreData */,
				9B45816D2BD7EAF2002A32DC /* Firebase */,
				9B4581672BD7EAC6002A32DC /* Repository */,
			);
			path = Data;
			sourceTree = "<group>";
		};
		9B45815F2BD7EA26002A32DC /* Presentation */ = {
			isa = PBXGroup;
			children = (
				9B289C7C2BDD3368000813C1 /* AutoLayout */,
				9B289C712BDCDDB5000813C1 /* Base */,
				9B4581872BD936BE002A32DC /* Launch */,
				9B289C892BDE466B000813C1 /* Login */,
				9B411CBD2BDFD09D00A50B78 /* Home */,
			);
			path = Presentation;
			sourceTree = "<group>";
		};
		9B4581602BD7EA34002A32DC /* Application */ = {
			isa = PBXGroup;
			children = (
				9B45812F2BD52EB9002A32DC /* LaunchScreen.storyboard */,
				9B4581212BD52EB7002A32DC /* AppDelegate.swift */,
				9B4581232BD52EB7002A32DC /* SceneDelegate.swift */,
			);
			path = Application;
			sourceTree = "<group>";
		};
		9B4581612BD7EA3C002A32DC /* Resource */ = {
			isa = PBXGroup;
			children = (
				9B45812D2BD52EB9002A32DC /* Assets.xcassets */,
				9B4581322BD52EB9002A32DC /* Info.plist */,
				9B4581752BD7EE85002A32DC /* GoogleService-Info.plist */,
			);
			path = Resource;
			sourceTree = "<group>";
		};
		9B4581622BD7EA6C002A32DC /* CoreData */ = {
			isa = PBXGroup;
			children = (
				9B45812A2BD52EB7002A32DC /* RefactorMoti.xcdatamodeld */,
			);
			path = CoreData;
			sourceTree = "<group>";
		};
		9B4581632BD7EAB0002A32DC /* RepositoryProtocol */ = {
			isa = PBXGroup;
			children = (
				9B4581692BD7EAE7002A32DC /* VersionRepositoryProtocol.swift */,
			);
			path = RepositoryProtocol;
			sourceTree = "<group>";
		};
		9B4581672BD7EAC6002A32DC /* Repository */ = {
			isa = PBXGroup;
			children = (
				9B45816B2BD7EAED002A32DC /* VersionRepository.swift */,
			);
			path = Repository;
			sourceTree = "<group>";
		};
		9B45816D2BD7EAF2002A32DC /* Firebase */ = {
			isa = PBXGroup;
			children = (
				9B45816F2BD7EB37002A32DC /* FirebaseStorage.swift */,
			);
			path = Firebase;
			sourceTree = "<group>";
		};
		9B4581792BD7EF36002A32DC /* Entity */ = {
			isa = PBXGroup;
			children = (
				9B4581772BD7EF2F002A32DC /* Version.swift */,
			);
			path = Entity;
			sourceTree = "<group>";
		};
		9B45817E2BD92FD9002A32DC /* UseCase */ = {
			isa = PBXGroup;
			children = (
				9B45817F2BD92FED002A32DC /* FetchVersionUseCase.swift */,
			);
			path = UseCase;
			sourceTree = "<group>";
		};
		9B4581812BD9340D002A32DC /* StorageProtocol */ = {
			isa = PBXGroup;
			children = (
				9B4581822BD9341A002A32DC /* FirebaseStorageProtocol.swift */,
			);
			path = StorageProtocol;
			sourceTree = "<group>";
		};
		9B4581842BD9344A002A32DC /* Stub */ = {
			isa = PBXGroup;
			children = (
				9B4581852BD93451002A32DC /* FirebaseStorageStub.swift */,
				9B45818D2BD93A02002A32DC /* FetchVersionUseCaseStub.swift */,
			);
			path = Stub;
			sourceTree = "<group>";
		};
		9B4581872BD936BE002A32DC /* Launch */ = {
			isa = PBXGroup;
			children = (
				9B45818B2BD936DB002A32DC /* LaunchViewModel.swift */,
				9B45818F2BD93D3F002A32DC /* LaunchViewModelProtocol.swift */,
				9B289C762BDCED27000813C1 /* LaunchViewController.swift */,
				9B289C782BDCED2C000813C1 /* LaunchView.swift */,
			);
			path = Launch;
			sourceTree = "<group>";
		};
/* End PBXGroup section */

/* Begin PBXNativeTarget section */
		9B45811D2BD52EB7002A32DC /* RefactorMoti */ = {
			isa = PBXNativeTarget;
			buildConfigurationList = 9B45814B2BD52EB9002A32DC /* Build configuration list for PBXNativeTarget "RefactorMoti" */;
			buildPhases = (
				9B45811A2BD52EB7002A32DC /* Sources */,
				9B45811B2BD52EB7002A32DC /* Frameworks */,
				9B45811C2BD52EB7002A32DC /* Resources */,
				9B4581562BD52F44002A32DC /* Run SwiftLint */,
			);
			buildRules = (
			);
			dependencies = (
			);
			name = RefactorMoti;
			packageProductDependencies = (
				9B4581732BD7EC40002A32DC /* FirebaseDatabase */,
				9BA895862BDFDB5B0080D400 /* JeongDesignSystem */,
			);
			productName = RefactorMoti;
			productReference = 9B45811E2BD52EB7002A32DC /* RefactorMoti.app */;
			productType = "com.apple.product-type.application";
		};
		9B4581362BD52EB9002A32DC /* RefactorMotiTests */ = {
			isa = PBXNativeTarget;
			buildConfigurationList = 9B45814E2BD52EB9002A32DC /* Build configuration list for PBXNativeTarget "RefactorMotiTests" */;
			buildPhases = (
				9B4581332BD52EB9002A32DC /* Sources */,
				9B4581342BD52EB9002A32DC /* Frameworks */,
				9B4581352BD52EB9002A32DC /* Resources */,
			);
			buildRules = (
			);
			dependencies = (
				9B4581392BD52EB9002A32DC /* PBXTargetDependency */,
			);
			name = RefactorMotiTests;
			productName = RefactorMotiTests;
			productReference = 9B4581372BD52EB9002A32DC /* RefactorMotiTests.xctest */;
			productType = "com.apple.product-type.bundle.unit-test";
		};
/* End PBXNativeTarget section */

/* Begin PBXProject section */
		9B4581162BD52EB7002A32DC /* Project object */ = {
			isa = PBXProject;
			attributes = {
				BuildIndependentTargetsInParallel = 1;
				LastSwiftUpdateCheck = 1500;
				LastUpgradeCheck = 1500;
				TargetAttributes = {
					9B45811D2BD52EB7002A32DC = {
						CreatedOnToolsVersion = 15.0;
					};
					9B4581362BD52EB9002A32DC = {
						CreatedOnToolsVersion = 15.0;
						LastSwiftMigration = 1500;
						TestTargetID = 9B45811D2BD52EB7002A32DC;
					};
				};
			};
			buildConfigurationList = 9B4581192BD52EB7002A32DC /* Build configuration list for PBXProject "RefactorMoti" */;
			compatibilityVersion = "Xcode 14.0";
			developmentRegion = en;
			hasScannedForEncodings = 0;
			knownRegions = (
				en,
				Base,
			);
			mainGroup = 9B4581152BD52EB7002A32DC;
			packageReferences = (
				9B4581722BD7EC40002A32DC /* XCRemoteSwiftPackageReference "firebase-ios-sdk" */,
				9BA895852BDFDB5B0080D400 /* XCRemoteSwiftPackageReference "JeongDesignSystem" */,
			);
			productRefGroup = 9B45811F2BD52EB7002A32DC /* Products */;
			projectDirPath = "";
			projectRoot = "";
			targets = (
				9B45811D2BD52EB7002A32DC /* RefactorMoti */,
				9B4581362BD52EB9002A32DC /* RefactorMotiTests */,
			);
		};
/* End PBXProject section */

/* Begin PBXResourcesBuildPhase section */
		9B45811C2BD52EB7002A32DC /* Resources */ = {
			isa = PBXResourcesBuildPhase;
			buildActionMask = 2147483647;
			files = (
				9B4581552BD52F0D002A32DC /* .swiftlint.yml in Resources */,
				9B4581762BD7EE85002A32DC /* GoogleService-Info.plist in Resources */,
				9B4581312BD52EB9002A32DC /* LaunchScreen.storyboard in Resources */,
				9B45812E2BD52EB9002A32DC /* Assets.xcassets in Resources */,
			);
			runOnlyForDeploymentPostprocessing = 0;
		};
		9B4581352BD52EB9002A32DC /* Resources */ = {
			isa = PBXResourcesBuildPhase;
			buildActionMask = 2147483647;
			files = (
			);
			runOnlyForDeploymentPostprocessing = 0;
		};
/* End PBXResourcesBuildPhase section */

/* Begin PBXShellScriptBuildPhase section */
		9B4581562BD52F44002A32DC /* Run SwiftLint */ = {
			isa = PBXShellScriptBuildPhase;
			alwaysOutOfDate = 1;
			buildActionMask = 2147483647;
			files = (
			);
			inputFileListPaths = (
			);
			inputPaths = (
			);
			name = "Run SwiftLint";
			outputFileListPaths = (
			);
			outputPaths = (
			);
			runOnlyForDeploymentPostprocessing = 0;
			shellPath = /bin/sh;
			shellScript = "export PATH=\"$PATH:/opt/homebrew/bin\"\nif which swiftlint > /dev/null; then\n  swiftlint\nelse\n  echo \"warning: SwiftLint not installed, download from https://github.com/realm/SwiftLint\"\nfi\n";
		};
/* End PBXShellScriptBuildPhase section */

/* Begin PBXSourcesBuildPhase section */
		9B45811A2BD52EB7002A32DC /* Sources */ = {
			isa = PBXSourcesBuildPhase;
			buildActionMask = 2147483647;
			files = (
				9B289C802BDD34E1000813C1 /* AutoLayoutWrapper+Size.swift in Sources */,
				9B289C752BDCE249000813C1 /* BaseViewController.swift in Sources */,
				9B289C7E2BDD34B7000813C1 /* AutoLayoutWrapper.swift in Sources */,
				9B411CB62BDFC38100A50B78 /* ViewModelable.swift in Sources */,
				9B289C7B2BDCF0E0000813C1 /* LayoutViewController.swift in Sources */,
				9B411CBF2BDFD0A700A50B78 /* HomeViewController.swift in Sources */,
				9B289C8B2BDE4682000813C1 /* LoginView.swift in Sources */,
				9B289C842BDD3B9F000813C1 /* AutoLayoutWrapper+Vertical.swift in Sources */,
				9B289C792BDCED2C000813C1 /* LaunchView.swift in Sources */,
				9B45816C2BD7EAED002A32DC /* VersionRepository.swift in Sources */,
				9B411CB32BDFC31F00A50B78 /* LoginViewModel.swift in Sources */,
				9B45812C2BD52EB7002A32DC /* RefactorMoti.xcdatamodeld in Sources */,
				9B4581222BD52EB7002A32DC /* AppDelegate.swift in Sources */,
				9B289C732BDCDDBD000813C1 /* BaseView.swift in Sources */,
				9B411CBC2BDFCB9F00A50B78 /* UIView+Combine.swift in Sources */,
				9B289C772BDCED27000813C1 /* LaunchViewController.swift in Sources */,
				9B411CC12BDFD0AC00A50B78 /* HomeView.swift in Sources */,
				9B289C8D2BDE4687000813C1 /* LoginViewController.swift in Sources */,
				9B4581832BD9341A002A32DC /* FirebaseStorageProtocol.swift in Sources */,
				9B4581702BD7EB37002A32DC /* FirebaseStorage.swift in Sources */,
				9B45816A2BD7EAE7002A32DC /* VersionRepositoryProtocol.swift in Sources */,
				9B289C822BDD3B6C000813C1 /* AutoLayoutWrapper+Center.swift in Sources */,
				9B45818C2BD936DB002A32DC /* LaunchViewModel.swift in Sources */,
				9B289C862BDD3BA4000813C1 /* AutoLayoutWrapper+Horizontal.swift in Sources */,
				9B4581902BD93D3F002A32DC /* LaunchViewModelProtocol.swift in Sources */,
				9B289C882BDD3C03000813C1 /* AutoLayoutWrapper+All.swift in Sources */,
				9B4581802BD92FED002A32DC /* FetchVersionUseCase.swift in Sources */,
				9B4581782BD7EF2F002A32DC /* Version.swift in Sources */,
				9B411CBA2BDFCB9900A50B78 /* UIControl+Combine.swift in Sources */,
				9B411CB12BDFC31D00A50B78 /* LoginViewModelProtocol.swift in Sources */,
				9B4581242BD52EB7002A32DC /* SceneDelegate.swift in Sources */,
			);
			runOnlyForDeploymentPostprocessing = 0;
		};
		9B4581332BD52EB9002A32DC /* Sources */ = {
			isa = PBXSourcesBuildPhase;
			buildActionMask = 2147483647;
			files = (
				9B289C6C2BDBD4E1000813C1 /* AuthUseCaseTests.swift in Sources */,
				9B4581862BD93451002A32DC /* FirebaseStorageStub.swift in Sources */,
				9B45817D2BD7F231002A32DC /* LaunchNetworkTests.swift in Sources */,
				9B45818E2BD93A02002A32DC /* FetchVersionUseCaseStub.swift in Sources */,
				9B45815C2BD7E3C6002A32DC /* LaunchRepositoryTests.swift in Sources */,
				9B411CAF2BDFBF9400A50B78 /* LoginViewModelTests.swift in Sources */,
				9B4581582BD7DF17002A32DC /* LaunchViewModelTests.swift in Sources */,
			);
			runOnlyForDeploymentPostprocessing = 0;
		};
/* End PBXSourcesBuildPhase section */

/* Begin PBXTargetDependency section */
		9B4581392BD52EB9002A32DC /* PBXTargetDependency */ = {
			isa = PBXTargetDependency;
			target = 9B45811D2BD52EB7002A32DC /* RefactorMoti */;
			targetProxy = 9B4581382BD52EB9002A32DC /* PBXContainerItemProxy */;
		};
/* End PBXTargetDependency section */

/* Begin PBXVariantGroup section */
		9B45812F2BD52EB9002A32DC /* LaunchScreen.storyboard */ = {
			isa = PBXVariantGroup;
			children = (
				9B4581302BD52EB9002A32DC /* Base */,
			);
			name = LaunchScreen.storyboard;
			sourceTree = "<group>";
		};
/* End PBXVariantGroup section */

/* Begin XCBuildConfiguration section */
		9B4581492BD52EB9002A32DC /* Debug */ = {
			isa = XCBuildConfiguration;
			buildSettings = {
				ALWAYS_SEARCH_USER_PATHS = NO;
				ASSETCATALOG_COMPILER_GENERATE_SWIFT_ASSET_SYMBOL_EXTENSIONS = YES;
				CLANG_ANALYZER_NONNULL = YES;
				CLANG_ANALYZER_NUMBER_OBJECT_CONVERSION = YES_AGGRESSIVE;
				CLANG_CXX_LANGUAGE_STANDARD = "gnu++20";
				CLANG_ENABLE_MODULES = YES;
				CLANG_ENABLE_OBJC_ARC = YES;
				CLANG_ENABLE_OBJC_WEAK = YES;
				CLANG_WARN_BLOCK_CAPTURE_AUTORELEASING = YES;
				CLANG_WARN_BOOL_CONVERSION = YES;
				CLANG_WARN_COMMA = YES;
				CLANG_WARN_CONSTANT_CONVERSION = YES;
				CLANG_WARN_DEPRECATED_OBJC_IMPLEMENTATIONS = YES;
				CLANG_WARN_DIRECT_OBJC_ISA_USAGE = YES_ERROR;
				CLANG_WARN_DOCUMENTATION_COMMENTS = YES;
				CLANG_WARN_EMPTY_BODY = YES;
				CLANG_WARN_ENUM_CONVERSION = YES;
				CLANG_WARN_INFINITE_RECURSION = YES;
				CLANG_WARN_INT_CONVERSION = YES;
				CLANG_WARN_NON_LITERAL_NULL_CONVERSION = YES;
				CLANG_WARN_OBJC_IMPLICIT_RETAIN_SELF = YES;
				CLANG_WARN_OBJC_LITERAL_CONVERSION = YES;
				CLANG_WARN_OBJC_ROOT_CLASS = YES_ERROR;
				CLANG_WARN_QUOTED_INCLUDE_IN_FRAMEWORK_HEADER = YES;
				CLANG_WARN_RANGE_LOOP_ANALYSIS = YES;
				CLANG_WARN_STRICT_PROTOTYPES = YES;
				CLANG_WARN_SUSPICIOUS_MOVE = YES;
				CLANG_WARN_UNGUARDED_AVAILABILITY = YES_AGGRESSIVE;
				CLANG_WARN_UNREACHABLE_CODE = YES;
				CLANG_WARN__DUPLICATE_METHOD_MATCH = YES;
				COPY_PHASE_STRIP = NO;
				DEBUG_INFORMATION_FORMAT = dwarf;
				ENABLE_STRICT_OBJC_MSGSEND = YES;
				ENABLE_TESTABILITY = YES;
				ENABLE_USER_SCRIPT_SANDBOXING = YES;
				GCC_C_LANGUAGE_STANDARD = gnu17;
				GCC_DYNAMIC_NO_PIC = NO;
				GCC_NO_COMMON_BLOCKS = YES;
				GCC_OPTIMIZATION_LEVEL = 0;
				GCC_PREPROCESSOR_DEFINITIONS = (
					"DEBUG=1",
					"$(inherited)",
				);
				GCC_WARN_64_TO_32_BIT_CONVERSION = YES;
				GCC_WARN_ABOUT_RETURN_TYPE = YES_ERROR;
				GCC_WARN_UNDECLARED_SELECTOR = YES;
				GCC_WARN_UNINITIALIZED_AUTOS = YES_AGGRESSIVE;
				GCC_WARN_UNUSED_FUNCTION = YES;
				GCC_WARN_UNUSED_VARIABLE = YES;
				IPHONEOS_DEPLOYMENT_TARGET = 16.0;
				LOCALIZATION_PREFERS_STRING_CATALOGS = YES;
				MTL_ENABLE_DEBUG_INFO = INCLUDE_SOURCE;
				MTL_FAST_MATH = YES;
				ONLY_ACTIVE_ARCH = YES;
				SDKROOT = iphoneos;
				SWIFT_ACTIVE_COMPILATION_CONDITIONS = "DEBUG $(inherited)";
				SWIFT_OPTIMIZATION_LEVEL = "-Onone";
			};
			name = Debug;
		};
		9B45814A2BD52EB9002A32DC /* Release */ = {
			isa = XCBuildConfiguration;
			buildSettings = {
				ALWAYS_SEARCH_USER_PATHS = NO;
				ASSETCATALOG_COMPILER_GENERATE_SWIFT_ASSET_SYMBOL_EXTENSIONS = YES;
				CLANG_ANALYZER_NONNULL = YES;
				CLANG_ANALYZER_NUMBER_OBJECT_CONVERSION = YES_AGGRESSIVE;
				CLANG_CXX_LANGUAGE_STANDARD = "gnu++20";
				CLANG_ENABLE_MODULES = YES;
				CLANG_ENABLE_OBJC_ARC = YES;
				CLANG_ENABLE_OBJC_WEAK = YES;
				CLANG_WARN_BLOCK_CAPTURE_AUTORELEASING = YES;
				CLANG_WARN_BOOL_CONVERSION = YES;
				CLANG_WARN_COMMA = YES;
				CLANG_WARN_CONSTANT_CONVERSION = YES;
				CLANG_WARN_DEPRECATED_OBJC_IMPLEMENTATIONS = YES;
				CLANG_WARN_DIRECT_OBJC_ISA_USAGE = YES_ERROR;
				CLANG_WARN_DOCUMENTATION_COMMENTS = YES;
				CLANG_WARN_EMPTY_BODY = YES;
				CLANG_WARN_ENUM_CONVERSION = YES;
				CLANG_WARN_INFINITE_RECURSION = YES;
				CLANG_WARN_INT_CONVERSION = YES;
				CLANG_WARN_NON_LITERAL_NULL_CONVERSION = YES;
				CLANG_WARN_OBJC_IMPLICIT_RETAIN_SELF = YES;
				CLANG_WARN_OBJC_LITERAL_CONVERSION = YES;
				CLANG_WARN_OBJC_ROOT_CLASS = YES_ERROR;
				CLANG_WARN_QUOTED_INCLUDE_IN_FRAMEWORK_HEADER = YES;
				CLANG_WARN_RANGE_LOOP_ANALYSIS = YES;
				CLANG_WARN_STRICT_PROTOTYPES = YES;
				CLANG_WARN_SUSPICIOUS_MOVE = YES;
				CLANG_WARN_UNGUARDED_AVAILABILITY = YES_AGGRESSIVE;
				CLANG_WARN_UNREACHABLE_CODE = YES;
				CLANG_WARN__DUPLICATE_METHOD_MATCH = YES;
				COPY_PHASE_STRIP = NO;
				DEBUG_INFORMATION_FORMAT = "dwarf-with-dsym";
				ENABLE_NS_ASSERTIONS = NO;
				ENABLE_STRICT_OBJC_MSGSEND = YES;
				ENABLE_USER_SCRIPT_SANDBOXING = YES;
				GCC_C_LANGUAGE_STANDARD = gnu17;
				GCC_NO_COMMON_BLOCKS = YES;
				GCC_WARN_64_TO_32_BIT_CONVERSION = YES;
				GCC_WARN_ABOUT_RETURN_TYPE = YES_ERROR;
				GCC_WARN_UNDECLARED_SELECTOR = YES;
				GCC_WARN_UNINITIALIZED_AUTOS = YES_AGGRESSIVE;
				GCC_WARN_UNUSED_FUNCTION = YES;
				GCC_WARN_UNUSED_VARIABLE = YES;
				IPHONEOS_DEPLOYMENT_TARGET = 16.0;
				LOCALIZATION_PREFERS_STRING_CATALOGS = YES;
				MTL_ENABLE_DEBUG_INFO = NO;
				MTL_FAST_MATH = YES;
				SDKROOT = iphoneos;
				SWIFT_COMPILATION_MODE = wholemodule;
				VALIDATE_PRODUCT = YES;
			};
			name = Release;
		};
		9B45814C2BD52EB9002A32DC /* Debug */ = {
			isa = XCBuildConfiguration;
			buildSettings = {
				ASSETCATALOG_COMPILER_APPICON_NAME = AppIcon;
				ASSETCATALOG_COMPILER_GLOBAL_ACCENT_COLOR_NAME = AccentColor;
				CODE_SIGN_IDENTITY = "Apple Development";
				CODE_SIGN_STYLE = Automatic;
				CURRENT_PROJECT_VERSION = 1;
				DEVELOPMENT_TEAM = WPX8MV29XR;
				ENABLE_USER_SCRIPT_SANDBOXING = NO;
				GENERATE_INFOPLIST_FILE = YES;
				INFOPLIST_FILE = RefactorMoti/Resource/Info.plist;
				INFOPLIST_KEY_UIApplicationSupportsIndirectInputEvents = YES;
				INFOPLIST_KEY_UILaunchStoryboardName = LaunchScreen;
				INFOPLIST_KEY_UISupportedInterfaceOrientations_iPad = "UIInterfaceOrientationPortrait UIInterfaceOrientationPortraitUpsideDown UIInterfaceOrientationLandscapeLeft UIInterfaceOrientationLandscapeRight";
				INFOPLIST_KEY_UISupportedInterfaceOrientations_iPhone = "UIInterfaceOrientationPortrait UIInterfaceOrientationLandscapeLeft UIInterfaceOrientationLandscapeRight";
				LD_RUNPATH_SEARCH_PATHS = (
					"$(inherited)",
					"@executable_path/Frameworks",
				);
				MARKETING_VERSION = 1.0;
				PRODUCT_BUNDLE_IDENTIFIER = com.jeongju9216.moti;
				PRODUCT_NAME = "$(TARGET_NAME)";
				PROVISIONING_PROFILE_SPECIFIER = "";
				SWIFT_EMIT_LOC_STRINGS = YES;
				SWIFT_VERSION = 5.0;
				TARGETED_DEVICE_FAMILY = "1,2";
			};
			name = Debug;
		};
		9B45814D2BD52EB9002A32DC /* Release */ = {
			isa = XCBuildConfiguration;
			buildSettings = {
				ASSETCATALOG_COMPILER_APPICON_NAME = AppIcon;
				ASSETCATALOG_COMPILER_GLOBAL_ACCENT_COLOR_NAME = AccentColor;
				CODE_SIGN_IDENTITY = "Apple Development";
				CODE_SIGN_STYLE = Automatic;
				CURRENT_PROJECT_VERSION = 1;
				DEVELOPMENT_TEAM = WPX8MV29XR;
				ENABLE_USER_SCRIPT_SANDBOXING = NO;
				GENERATE_INFOPLIST_FILE = YES;
				INFOPLIST_FILE = RefactorMoti/Resource/Info.plist;
				INFOPLIST_KEY_UIApplicationSupportsIndirectInputEvents = YES;
				INFOPLIST_KEY_UILaunchStoryboardName = LaunchScreen;
				INFOPLIST_KEY_UISupportedInterfaceOrientations_iPad = "UIInterfaceOrientationPortrait UIInterfaceOrientationPortraitUpsideDown UIInterfaceOrientationLandscapeLeft UIInterfaceOrientationLandscapeRight";
				INFOPLIST_KEY_UISupportedInterfaceOrientations_iPhone = "UIInterfaceOrientationPortrait UIInterfaceOrientationLandscapeLeft UIInterfaceOrientationLandscapeRight";
				LD_RUNPATH_SEARCH_PATHS = (
					"$(inherited)",
					"@executable_path/Frameworks",
				);
				MARKETING_VERSION = 1.0;
				PRODUCT_BUNDLE_IDENTIFIER = com.jeongju9216.moti;
				PRODUCT_NAME = "$(TARGET_NAME)";
				PROVISIONING_PROFILE_SPECIFIER = "";
				SWIFT_EMIT_LOC_STRINGS = YES;
				SWIFT_VERSION = 5.0;
				TARGETED_DEVICE_FAMILY = "1,2";
			};
			name = Release;
		};
		9B45814F2BD52EB9002A32DC /* Debug */ = {
			isa = XCBuildConfiguration;
			buildSettings = {
				ALWAYS_EMBED_SWIFT_STANDARD_LIBRARIES = YES;
				BUNDLE_LOADER = "$(TEST_HOST)";
				CLANG_ENABLE_MODULES = YES;
				CODE_SIGN_IDENTITY = "Apple Development";
				CODE_SIGN_STYLE = Automatic;
				CURRENT_PROJECT_VERSION = 1;
				DEVELOPMENT_TEAM = WPX8MV29XR;
				GENERATE_INFOPLIST_FILE = YES;
				IPHONEOS_DEPLOYMENT_TARGET = 16.0;
				MARKETING_VERSION = 1.0;
				PRODUCT_BUNDLE_IDENTIFIER = com.jeongju9216.RefactorMotiTests;
				PRODUCT_NAME = "$(TARGET_NAME)";
				PROVISIONING_PROFILE_SPECIFIER = "";
				SWIFT_EMIT_LOC_STRINGS = NO;
				SWIFT_OPTIMIZATION_LEVEL = "-Onone";
				SWIFT_VERSION = 5.0;
				TARGETED_DEVICE_FAMILY = "1,2";
				TEST_HOST = "$(BUILT_PRODUCTS_DIR)/RefactorMoti.app/$(BUNDLE_EXECUTABLE_FOLDER_PATH)/RefactorMoti";
			};
			name = Debug;
		};
		9B4581502BD52EB9002A32DC /* Release */ = {
			isa = XCBuildConfiguration;
			buildSettings = {
				ALWAYS_EMBED_SWIFT_STANDARD_LIBRARIES = YES;
				BUNDLE_LOADER = "$(TEST_HOST)";
				CLANG_ENABLE_MODULES = YES;
				CODE_SIGN_IDENTITY = "Apple Development";
				CODE_SIGN_STYLE = Automatic;
				CURRENT_PROJECT_VERSION = 1;
				DEVELOPMENT_TEAM = WPX8MV29XR;
				GENERATE_INFOPLIST_FILE = YES;
				IPHONEOS_DEPLOYMENT_TARGET = 16.0;
				MARKETING_VERSION = 1.0;
				PRODUCT_BUNDLE_IDENTIFIER = com.jeongju9216.RefactorMotiTests;
				PRODUCT_NAME = "$(TARGET_NAME)";
				PROVISIONING_PROFILE_SPECIFIER = "";
				SWIFT_EMIT_LOC_STRINGS = NO;
				SWIFT_VERSION = 5.0;
				TARGETED_DEVICE_FAMILY = "1,2";
				TEST_HOST = "$(BUILT_PRODUCTS_DIR)/RefactorMoti.app/$(BUNDLE_EXECUTABLE_FOLDER_PATH)/RefactorMoti";
			};
			name = Release;
		};
/* End XCBuildConfiguration section */

/* Begin XCConfigurationList section */
		9B4581192BD52EB7002A32DC /* Build configuration list for PBXProject "RefactorMoti" */ = {
			isa = XCConfigurationList;
			buildConfigurations = (
				9B4581492BD52EB9002A32DC /* Debug */,
				9B45814A2BD52EB9002A32DC /* Release */,
			);
			defaultConfigurationIsVisible = 0;
			defaultConfigurationName = Release;
		};
		9B45814B2BD52EB9002A32DC /* Build configuration list for PBXNativeTarget "RefactorMoti" */ = {
			isa = XCConfigurationList;
			buildConfigurations = (
				9B45814C2BD52EB9002A32DC /* Debug */,
				9B45814D2BD52EB9002A32DC /* Release */,
			);
			defaultConfigurationIsVisible = 0;
			defaultConfigurationName = Release;
		};
		9B45814E2BD52EB9002A32DC /* Build configuration list for PBXNativeTarget "RefactorMotiTests" */ = {
			isa = XCConfigurationList;
			buildConfigurations = (
				9B45814F2BD52EB9002A32DC /* Debug */,
				9B4581502BD52EB9002A32DC /* Release */,
			);
			defaultConfigurationIsVisible = 0;
			defaultConfigurationName = Release;
		};
/* End XCConfigurationList section */

/* Begin XCRemoteSwiftPackageReference section */
		9B4581722BD7EC40002A32DC /* XCRemoteSwiftPackageReference "firebase-ios-sdk" */ = {
			isa = XCRemoteSwiftPackageReference;
			repositoryURL = "https://github.com/firebase/firebase-ios-sdk.git";
			requirement = {
				kind = upToNextMajorVersion;
				minimumVersion = 10.24.0;
			};
		};
		9BA895852BDFDB5B0080D400 /* XCRemoteSwiftPackageReference "JeongDesignSystem" */ = {
			isa = XCRemoteSwiftPackageReference;
			repositoryURL = "https://github.com/jeongju9216/JeongDesignSystem.git";
			requirement = {
				branch = develop;
				kind = branch;
			};
		};
/* End XCRemoteSwiftPackageReference section */

/* Begin XCSwiftPackageProductDependency section */
		9B4581732BD7EC40002A32DC /* FirebaseDatabase */ = {
			isa = XCSwiftPackageProductDependency;
			package = 9B4581722BD7EC40002A32DC /* XCRemoteSwiftPackageReference "firebase-ios-sdk" */;
			productName = FirebaseDatabase;
		};
		9BA895862BDFDB5B0080D400 /* JeongDesignSystem */ = {
			isa = XCSwiftPackageProductDependency;
			package = 9BA895852BDFDB5B0080D400 /* XCRemoteSwiftPackageReference "JeongDesignSystem" */;
			productName = JeongDesignSystem;
		};
/* End XCSwiftPackageProductDependency section */

/* Begin XCVersionGroup section */
		9B45812A2BD52EB7002A32DC /* RefactorMoti.xcdatamodeld */ = {
			isa = XCVersionGroup;
			children = (
				9B45812B2BD52EB7002A32DC /* RefactorMoti.xcdatamodel */,
			);
			currentVersion = 9B45812B2BD52EB7002A32DC /* RefactorMoti.xcdatamodel */;
			path = RefactorMoti.xcdatamodeld;
			sourceTree = "<group>";
			versionGroupType = wrapper.xcdatamodel;
		};
/* End XCVersionGroup section */
	};
	rootObject = 9B4581162BD52EB7002A32DC /* Project object */;
}
